// !$*UTF8*$!
{
	archiveVersion = 1;
	classes = {
	};
	objectVersion = 56;
	objects = {

/* Begin PBXBuildFile section */
		99086F952B76E3BA00FC00B2 /* sparkApp.swift in Sources */ = {isa = PBXBuildFile; fileRef = 99086F942B76E3BA00FC00B2 /* sparkApp.swift */; };
		99086F972B76E3BA00FC00B2 /* ContentView.swift in Sources */ = {isa = PBXBuildFile; fileRef = 99086F962B76E3BA00FC00B2 /* ContentView.swift */; };
		99086F992B76E3BB00FC00B2 /* Assets.xcassets in Resources */ = {isa = PBXBuildFile; fileRef = 99086F982B76E3BB00FC00B2 /* Assets.xcassets */; };
		99086F9C2B76E3BB00FC00B2 /* Preview Assets.xcassets in Resources */ = {isa = PBXBuildFile; fileRef = 99086F9B2B76E3BB00FC00B2 /* Preview Assets.xcassets */; };
		99086FAB2B78065B00FC00B2 /* FirebaseAnalytics in Frameworks */ = {isa = PBXBuildFile; productRef = 99086FAA2B78065B00FC00B2 /* FirebaseAnalytics */; };
		99086FAD2B78065B00FC00B2 /* FirebaseCrashlytics in Frameworks */ = {isa = PBXBuildFile; productRef = 99086FAC2B78065B00FC00B2 /* FirebaseCrashlytics */; };
		99086FB22B79E8D800FC00B2 /* FirebaseDatabase in Frameworks */ = {isa = PBXBuildFile; productRef = 99086FB12B79E8D800FC00B2 /* FirebaseDatabase */; };
		99086FB42B79E8DE00FC00B2 /* FirebaseDatabaseSwift in Frameworks */ = {isa = PBXBuildFile; productRef = 99086FB32B79E8DE00FC00B2 /* FirebaseDatabaseSwift */; };
		99086FB62B79F32500FC00B2 /* FirebaseFirestore in Frameworks */ = {isa = PBXBuildFile; productRef = 99086FB52B79F32500FC00B2 /* FirebaseFirestore */; };
		99086FB82B79F32C00FC00B2 /* FirebaseFirestoreSwift in Frameworks */ = {isa = PBXBuildFile; productRef = 99086FB72B79F32C00FC00B2 /* FirebaseFirestoreSwift */; };
		99086FBA2B79F4C000FC00B2 /* AppDelegate.swift in Sources */ = {isa = PBXBuildFile; fileRef = 99086FB92B79F4C000FC00B2 /* AppDelegate.swift */; };
		99086FBC2B79F5EA00FC00B2 /* EventInputView.swift in Sources */ = {isa = PBXBuildFile; fileRef = 99086FBB2B79F5EA00FC00B2 /* EventInputView.swift */; };
		99086FBE2B79F7CE00FC00B2 /* GoogleService-Info.plist in Resources */ = {isa = PBXBuildFile; fileRef = 99086FBD2B79F7CE00FC00B2 /* GoogleService-Info.plist */; };
		99086FC12B7A087900FC00B2 /* MapViewRepresentable.swift in Sources */ = {isa = PBXBuildFile; fileRef = 99086FC02B7A087900FC00B2 /* MapViewRepresentable.swift */; };
		99086FC42B7A112800FC00B2 /* LocationManager.swift in Sources */ = {isa = PBXBuildFile; fileRef = 99086FC32B7A112800FC00B2 /* LocationManager.swift */; };
		99086FC62B7A15F200FC00B2 /* HomeMapView.swift in Sources */ = {isa = PBXBuildFile; fileRef = 99086FC52B7A15F200FC00B2 /* HomeMapView.swift */; };
		99086FC82B7A23EF00FC00B2 /* SearchCompleterDelegate.swift in Sources */ = {isa = PBXBuildFile; fileRef = 99086FC72B7A23EF00FC00B2 /* SearchCompleterDelegate.swift */; };
		99086FCB2B7B4A2000FC00B2 /* LocationSearchViewModel.swift in Sources */ = {isa = PBXBuildFile; fileRef = 99086FCA2B7B4A2000FC00B2 /* LocationSearchViewModel.swift */; };
		99086FCD2B7B548600FC00B2 /* LocationResultCell.swift in Sources */ = {isa = PBXBuildFile; fileRef = 99086FCC2B7B548600FC00B2 /* LocationResultCell.swift */; };
/* End PBXBuildFile section */

/* Begin PBXFileReference section */
		99086F912B76E3BA00FC00B2 /* spark.app */ = {isa = PBXFileReference; explicitFileType = wrapper.application; includeInIndex = 0; path = spark.app; sourceTree = BUILT_PRODUCTS_DIR; };
		99086F942B76E3BA00FC00B2 /* sparkApp.swift */ = {isa = PBXFileReference; lastKnownFileType = sourcecode.swift; path = sparkApp.swift; sourceTree = "<group>"; };
		99086F962B76E3BA00FC00B2 /* ContentView.swift */ = {isa = PBXFileReference; lastKnownFileType = sourcecode.swift; path = ContentView.swift; sourceTree = "<group>"; };
		99086F982B76E3BB00FC00B2 /* Assets.xcassets */ = {isa = PBXFileReference; lastKnownFileType = folder.assetcatalog; path = Assets.xcassets; sourceTree = "<group>"; };
		99086F9B2B76E3BB00FC00B2 /* Preview Assets.xcassets */ = {isa = PBXFileReference; lastKnownFileType = folder.assetcatalog; path = "Preview Assets.xcassets"; sourceTree = "<group>"; };
		99086FA82B77FBF300FC00B2 /* GoogleService-Info.plist */ = {isa = PBXFileReference; lastKnownFileType = text.plist.xml; path = "GoogleService-Info.plist"; sourceTree = "<group>"; };
		99086FB92B79F4C000FC00B2 /* AppDelegate.swift */ = {isa = PBXFileReference; lastKnownFileType = sourcecode.swift; path = AppDelegate.swift; sourceTree = "<group>"; };
		99086FBB2B79F5EA00FC00B2 /* EventInputView.swift */ = {isa = PBXFileReference; lastKnownFileType = sourcecode.swift; name = EventInputView.swift; path = spark/EventInputView.swift; sourceTree = SOURCE_ROOT; };
		99086FBD2B79F7CE00FC00B2 /* GoogleService-Info.plist */ = {isa = PBXFileReference; lastKnownFileType = text.plist.xml; path = "GoogleService-Info.plist"; sourceTree = "<group>"; };
		99086FC02B7A087900FC00B2 /* MapViewRepresentable.swift */ = {isa = PBXFileReference; lastKnownFileType = sourcecode.swift; path = MapViewRepresentable.swift; sourceTree = "<group>"; };
		99086FC32B7A112800FC00B2 /* LocationManager.swift */ = {isa = PBXFileReference; lastKnownFileType = sourcecode.swift; path = LocationManager.swift; sourceTree = "<group>"; };
		99086FC52B7A15F200FC00B2 /* HomeMapView.swift */ = {isa = PBXFileReference; lastKnownFileType = sourcecode.swift; path = HomeMapView.swift; sourceTree = "<group>"; };
		99086FC72B7A23EF00FC00B2 /* SearchCompleterDelegate.swift */ = {isa = PBXFileReference; lastKnownFileType = sourcecode.swift; path = SearchCompleterDelegate.swift; sourceTree = "<group>"; };
		99086FCA2B7B4A2000FC00B2 /* LocationSearchViewModel.swift */ = {isa = PBXFileReference; lastKnownFileType = sourcecode.swift; path = LocationSearchViewModel.swift; sourceTree = "<group>"; };
		99086FCC2B7B548600FC00B2 /* LocationResultCell.swift */ = {isa = PBXFileReference; lastKnownFileType = sourcecode.swift; path = LocationResultCell.swift; sourceTree = "<group>"; };
/* End PBXFileReference section */

/* Begin PBXFrameworksBuildPhase section */
		99086F8E2B76E3BA00FC00B2 /* Frameworks */ = {
			isa = PBXFrameworksBuildPhase;
			buildActionMask = 2147483647;
			files = (
				99086FB42B79E8DE00FC00B2 /* FirebaseDatabaseSwift in Frameworks */,
				99086FB22B79E8D800FC00B2 /* FirebaseDatabase in Frameworks */,
				99086FAB2B78065B00FC00B2 /* FirebaseAnalytics in Frameworks */,
				99086FB62B79F32500FC00B2 /* FirebaseFirestore in Frameworks */,
				99086FAD2B78065B00FC00B2 /* FirebaseCrashlytics in Frameworks */,
				99086FB82B79F32C00FC00B2 /* FirebaseFirestoreSwift in Frameworks */,
			);
			runOnlyForDeploymentPostprocessing = 0;
		};
/* End PBXFrameworksBuildPhase section */

/* Begin PBXGroup section */
		99086F882B76E3BA00FC00B2 = {
			isa = PBXGroup;
			children = (
				99086F932B76E3BA00FC00B2 /* spark */,
				99086F922B76E3BA00FC00B2 /* Products */,
				99086FB02B79E8D700FC00B2 /* Frameworks */,
			);
			sourceTree = "<group>";
		};
		99086F922B76E3BA00FC00B2 /* Products */ = {
			isa = PBXGroup;
			children = (
				99086F912B76E3BA00FC00B2 /* spark.app */,
			);
			name = Products;
			sourceTree = "<group>";
		};
		99086F932B76E3BA00FC00B2 /* spark */ = {
			isa = PBXGroup;
			children = (
				99086F942B76E3BA00FC00B2 /* sparkApp.swift */,
				99086FB92B79F4C000FC00B2 /* AppDelegate.swift */,
				99086FA82B77FBF300FC00B2 /* GoogleService-Info.plist */,
				99086F962B76E3BA00FC00B2 /* ContentView.swift */,
				99086FC22B7A111600FC00B2 /* Managers */,
				99086FBF2B7A06CF00FC00B2 /* MapUI */,
				99086FA22B77681E00FC00B2 /* InputEvents */,
				99086FC92B7B49FD00FC00B2 /* LocationSearch */,
				99086F982B76E3BB00FC00B2 /* Assets.xcassets */,
				99086F9A2B76E3BB00FC00B2 /* Preview Content */,
			);
			path = spark;
			sourceTree = "<group>";
		};
		99086F9A2B76E3BB00FC00B2 /* Preview Content */ = {
			isa = PBXGroup;
			children = (
				99086F9B2B76E3BB00FC00B2 /* Preview Assets.xcassets */,
			);
			path = "Preview Content";
			sourceTree = "<group>";
		};
		99086FA22B77681E00FC00B2 /* InputEvents */ = {
			isa = PBXGroup;
			children = (
				99086FBB2B79F5EA00FC00B2 /* EventInputView.swift */,
				99086FC72B7A23EF00FC00B2 /* SearchCompleterDelegate.swift */,
				99086FBD2B79F7CE00FC00B2 /* GoogleService-Info.plist */,
			);
			path = InputEvents;
			sourceTree = "<group>";
		};
		99086FB02B79E8D700FC00B2 /* Frameworks */ = {
			isa = PBXGroup;
			children = (
			);
			name = Frameworks;
			sourceTree = "<group>";
		};
		99086FBF2B7A06CF00FC00B2 /* MapUI */ = {
			isa = PBXGroup;
			children = (
				99086FC02B7A087900FC00B2 /* MapViewRepresentable.swift */,
				99086FC52B7A15F200FC00B2 /* HomeMapView.swift */,
			);
			path = MapUI;
			sourceTree = "<group>";
		};
		99086FC22B7A111600FC00B2 /* Managers */ = {
			isa = PBXGroup;
			children = (
				99086FC32B7A112800FC00B2 /* LocationManager.swift */,
			);
			path = Managers;
			sourceTree = "<group>";
		};
		99086FC92B7B49FD00FC00B2 /* LocationSearch */ = {
			isa = PBXGroup;
			children = (
				99086FCA2B7B4A2000FC00B2 /* LocationSearchViewModel.swift */,
				99086FCC2B7B548600FC00B2 /* LocationResultCell.swift */,
			);
			path = LocationSearch;
			sourceTree = "<group>";
		};
/* End PBXGroup section */

/* Begin PBXNativeTarget section */
		99086F902B76E3BA00FC00B2 /* spark */ = {
			isa = PBXNativeTarget;
			buildConfigurationList = 99086F9F2B76E3BB00FC00B2 /* Build configuration list for PBXNativeTarget "spark" */;
			buildPhases = (
				99086F8D2B76E3BA00FC00B2 /* Sources */,
				99086F8E2B76E3BA00FC00B2 /* Frameworks */,
				99086F8F2B76E3BA00FC00B2 /* Resources */,
			);
			buildRules = (
			);
			dependencies = (
			);
			name = spark;
			packageProductDependencies = (
				99086FAA2B78065B00FC00B2 /* FirebaseAnalytics */,
				99086FAC2B78065B00FC00B2 /* FirebaseCrashlytics */,
				99086FB12B79E8D800FC00B2 /* FirebaseDatabase */,
				99086FB32B79E8DE00FC00B2 /* FirebaseDatabaseSwift */,
				99086FB52B79F32500FC00B2 /* FirebaseFirestore */,
				99086FB72B79F32C00FC00B2 /* FirebaseFirestoreSwift */,
			);
			productName = spark;
			productReference = 99086F912B76E3BA00FC00B2 /* spark.app */;
			productType = "com.apple.product-type.application";
		};
/* End PBXNativeTarget section */

/* Begin PBXProject section */
		99086F892B76E3BA00FC00B2 /* Project object */ = {
			isa = PBXProject;
			attributes = {
				BuildIndependentTargetsInParallel = 1;
				LastSwiftUpdateCheck = 1420;
				LastUpgradeCheck = 1420;
				TargetAttributes = {
					99086F902B76E3BA00FC00B2 = {
						CreatedOnToolsVersion = 14.2;
					};
				};
			};
			buildConfigurationList = 99086F8C2B76E3BA00FC00B2 /* Build configuration list for PBXProject "spark" */;
			compatibilityVersion = "Xcode 14.0";
			developmentRegion = en;
			hasScannedForEncodings = 0;
			knownRegions = (
				en,
				Base,
			);
			mainGroup = 99086F882B76E3BA00FC00B2;
			packageReferences = (
				99086FA92B78065B00FC00B2 /* XCRemoteSwiftPackageReference "firebase-ios-sdk" */,
			);
			productRefGroup = 99086F922B76E3BA00FC00B2 /* Products */;
			projectDirPath = "";
			projectRoot = "";
			targets = (
				99086F902B76E3BA00FC00B2 /* spark */,
			);
		};
/* End PBXProject section */

/* Begin PBXResourcesBuildPhase section */
		99086F8F2B76E3BA00FC00B2 /* Resources */ = {
			isa = PBXResourcesBuildPhase;
			buildActionMask = 2147483647;
			files = (
				99086FBE2B79F7CE00FC00B2 /* GoogleService-Info.plist in Resources */,
				99086F9C2B76E3BB00FC00B2 /* Preview Assets.xcassets in Resources */,
				99086F992B76E3BB00FC00B2 /* Assets.xcassets in Resources */,
			);
			runOnlyForDeploymentPostprocessing = 0;
		};
/* End PBXResourcesBuildPhase section */

/* Begin PBXSourcesBuildPhase section */
		99086F8D2B76E3BA00FC00B2 /* Sources */ = {
			isa = PBXSourcesBuildPhase;
			buildActionMask = 2147483647;
			files = (
				99086FCB2B7B4A2000FC00B2 /* LocationSearchViewModel.swift in Sources */,
				99086FBC2B79F5EA00FC00B2 /* EventInputView.swift in Sources */,
				99086FC62B7A15F200FC00B2 /* HomeMapView.swift in Sources */,
				99086FBA2B79F4C000FC00B2 /* AppDelegate.swift in Sources */,
				99086FC42B7A112800FC00B2 /* LocationManager.swift in Sources */,
				99086FC82B7A23EF00FC00B2 /* SearchCompleterDelegate.swift in Sources */,
				99086FC12B7A087900FC00B2 /* MapViewRepresentable.swift in Sources */,
				99086F972B76E3BA00FC00B2 /* ContentView.swift in Sources */,
				99086F952B76E3BA00FC00B2 /* sparkApp.swift in Sources */,
				99086FCD2B7B548600FC00B2 /* LocationResultCell.swift in Sources */,
			);
			runOnlyForDeploymentPostprocessing = 0;
		};
/* End PBXSourcesBuildPhase section */

/* Begin XCBuildConfiguration section */
		99086F9D2B76E3BB00FC00B2 /* Debug */ = {
			isa = XCBuildConfiguration;
			buildSettings = {
				ALWAYS_SEARCH_USER_PATHS = NO;
				CLANG_ANALYZER_NONNULL = YES;
				CLANG_ANALYZER_NUMBER_OBJECT_CONVERSION = YES_AGGRESSIVE;
				CLANG_CXX_LANGUAGE_STANDARD = "gnu++20";
				CLANG_ENABLE_MODULES = YES;
				CLANG_ENABLE_OBJC_ARC = YES;
				CLANG_ENABLE_OBJC_WEAK = YES;
				CLANG_WARN_BLOCK_CAPTURE_AUTORELEASING = YES;
				CLANG_WARN_BOOL_CONVERSION = YES;
				CLANG_WARN_COMMA = YES;
				CLANG_WARN_CONSTANT_CONVERSION = YES;
				CLANG_WARN_DEPRECATED_OBJC_IMPLEMENTATIONS = YES;
				CLANG_WARN_DIRECT_OBJC_ISA_USAGE = YES_ERROR;
				CLANG_WARN_DOCUMENTATION_COMMENTS = YES;
				CLANG_WARN_EMPTY_BODY = YES;
				CLANG_WARN_ENUM_CONVERSION = YES;
				CLANG_WARN_INFINITE_RECURSION = YES;
				CLANG_WARN_INT_CONVERSION = YES;
				CLANG_WARN_NON_LITERAL_NULL_CONVERSION = YES;
				CLANG_WARN_OBJC_IMPLICIT_RETAIN_SELF = YES;
				CLANG_WARN_OBJC_LITERAL_CONVERSION = YES;
				CLANG_WARN_OBJC_ROOT_CLASS = YES_ERROR;
				CLANG_WARN_QUOTED_INCLUDE_IN_FRAMEWORK_HEADER = YES;
				CLANG_WARN_RANGE_LOOP_ANALYSIS = YES;
				CLANG_WARN_STRICT_PROTOTYPES = YES;
				CLANG_WARN_SUSPICIOUS_MOVE = YES;
				CLANG_WARN_UNGUARDED_AVAILABILITY = YES_AGGRESSIVE;
				CLANG_WARN_UNREACHABLE_CODE = YES;
				CLANG_WARN__DUPLICATE_METHOD_MATCH = YES;
				COPY_PHASE_STRIP = NO;
				DEBUG_INFORMATION_FORMAT = dwarf;
				ENABLE_STRICT_OBJC_MSGSEND = YES;
				ENABLE_TESTABILITY = YES;
				GCC_C_LANGUAGE_STANDARD = gnu11;
				GCC_DYNAMIC_NO_PIC = NO;
				GCC_NO_COMMON_BLOCKS = YES;
				GCC_OPTIMIZATION_LEVEL = 0;
				GCC_PREPROCESSOR_DEFINITIONS = (
					"DEBUG=1",
					"$(inherited)",
				);
				GCC_WARN_64_TO_32_BIT_CONVERSION = YES;
				GCC_WARN_ABOUT_RETURN_TYPE = YES_ERROR;
				GCC_WARN_UNDECLARED_SELECTOR = YES;
				GCC_WARN_UNINITIALIZED_AUTOS = YES_AGGRESSIVE;
				GCC_WARN_UNUSED_FUNCTION = YES;
				GCC_WARN_UNUSED_VARIABLE = YES;
				IPHONEOS_DEPLOYMENT_TARGET = 16.2;
				MTL_ENABLE_DEBUG_INFO = INCLUDE_SOURCE;
				MTL_FAST_MATH = YES;
				ONLY_ACTIVE_ARCH = YES;
				SDKROOT = iphoneos;
				SWIFT_ACTIVE_COMPILATION_CONDITIONS = DEBUG;
				SWIFT_OPTIMIZATION_LEVEL = "-Onone";
			};
			name = Debug;
		};
		99086F9E2B76E3BB00FC00B2 /* Release */ = {
			isa = XCBuildConfiguration;
			buildSettings = {
				ALWAYS_SEARCH_USER_PATHS = NO;
				CLANG_ANALYZER_NONNULL = YES;
				CLANG_ANALYZER_NUMBER_OBJECT_CONVERSION = YES_AGGRESSIVE;
				CLANG_CXX_LANGUAGE_STANDARD = "gnu++20";
				CLANG_ENABLE_MODULES = YES;
				CLANG_ENABLE_OBJC_ARC = YES;
				CLANG_ENABLE_OBJC_WEAK = YES;
				CLANG_WARN_BLOCK_CAPTURE_AUTORELEASING = YES;
				CLANG_WARN_BOOL_CONVERSION = YES;
				CLANG_WARN_COMMA = YES;
				CLANG_WARN_CONSTANT_CONVERSION = YES;
				CLANG_WARN_DEPRECATED_OBJC_IMPLEMENTATIONS = YES;
				CLANG_WARN_DIRECT_OBJC_ISA_USAGE = YES_ERROR;
				CLANG_WARN_DOCUMENTATION_COMMENTS = YES;
				CLANG_WARN_EMPTY_BODY = YES;
				CLANG_WARN_ENUM_CONVERSION = YES;
				CLANG_WARN_INFINITE_RECURSION = YES;
				CLANG_WARN_INT_CONVERSION = YES;
				CLANG_WARN_NON_LITERAL_NULL_CONVERSION = YES;
				CLANG_WARN_OBJC_IMPLICIT_RETAIN_SELF = YES;
				CLANG_WARN_OBJC_LITERAL_CONVERSION = YES;
				CLANG_WARN_OBJC_ROOT_CLASS = YES_ERROR;
				CLANG_WARN_QUOTED_INCLUDE_IN_FRAMEWORK_HEADER = YES;
				CLANG_WARN_RANGE_LOOP_ANALYSIS = YES;
				CLANG_WARN_STRICT_PROTOTYPES = YES;
				CLANG_WARN_SUSPICIOUS_MOVE = YES;
				CLANG_WARN_UNGUARDED_AVAILABILITY = YES_AGGRESSIVE;
				CLANG_WARN_UNREACHABLE_CODE = YES;
				CLANG_WARN__DUPLICATE_METHOD_MATCH = YES;
				COPY_PHASE_STRIP = NO;
				DEBUG_INFORMATION_FORMAT = "dwarf-with-dsym";
				ENABLE_NS_ASSERTIONS = NO;
				ENABLE_STRICT_OBJC_MSGSEND = YES;
				GCC_C_LANGUAGE_STANDARD = gnu11;
				GCC_NO_COMMON_BLOCKS = YES;
				GCC_WARN_64_TO_32_BIT_CONVERSION = YES;
				GCC_WARN_ABOUT_RETURN_TYPE = YES_ERROR;
				GCC_WARN_UNDECLARED_SELECTOR = YES;
				GCC_WARN_UNINITIALIZED_AUTOS = YES_AGGRESSIVE;
				GCC_WARN_UNUSED_FUNCTION = YES;
				GCC_WARN_UNUSED_VARIABLE = YES;
				IPHONEOS_DEPLOYMENT_TARGET = 16.2;
				MTL_ENABLE_DEBUG_INFO = NO;
				MTL_FAST_MATH = YES;
				SDKROOT = iphoneos;
				SWIFT_COMPILATION_MODE = wholemodule;
				SWIFT_OPTIMIZATION_LEVEL = "-O";
				VALIDATE_PRODUCT = YES;
			};
			name = Release;
		};
		99086FA02B76E3BB00FC00B2 /* Debug */ = {
			isa = XCBuildConfiguration;
			buildSettings = {
				ASSETCATALOG_COMPILER_APPICON_NAME = AppIcon;
				ASSETCATALOG_COMPILER_GLOBAL_ACCENT_COLOR_NAME = AccentColor;
				CODE_SIGN_STYLE = Automatic;
				CURRENT_PROJECT_VERSION = 1;
				DEVELOPMENT_ASSET_PATHS = "\"spark/Preview Content\"";
				DEVELOPMENT_TEAM = 445ZPL58SL;
				ENABLE_PREVIEWS = YES;
				GENERATE_INFOPLIST_FILE = YES;
				INFOPLIST_FILE = spark/Info.plist;
				INFOPLIST_KEY_LSApplicationCategoryType = "";
				INFOPLIST_KEY_NSLocationWhenInUseUsageDescription = "Allow us to acces your location to show you nearby friends and events";
				INFOPLIST_KEY_UIApplicationSupportsIndirectInputEvents = YES;
				INFOPLIST_KEY_UILaunchScreen_Generation = YES;
				INFOPLIST_KEY_UISupportedInterfaceOrientations_iPad = "UIInterfaceOrientationPortrait UIInterfaceOrientationPortraitUpsideDown UIInterfaceOrientationLandscapeLeft UIInterfaceOrientationLandscapeRight";
				INFOPLIST_KEY_UISupportedInterfaceOrientations_iPhone = "UIInterfaceOrientationPortrait UIInterfaceOrientationLandscapeLeft UIInterfaceOrientationLandscapeRight";
				INFOPLIST_KEY_UIUserInterfaceStyle = Dark;
				LD_RUNPATH_SEARCH_PATHS = (
					"$(inherited)",
					"@executable_path/Frameworks",
				);
				MARKETING_VERSION = 1.0;
				PRODUCT_BUNDLE_IDENTIFIER = com.kbcodes.spark;
				PRODUCT_NAME = "$(TARGET_NAME)";
				SWIFT_EMIT_LOC_STRINGS = YES;
				SWIFT_VERSION = 5.0;
				TARGETED_DEVICE_FAMILY = "1,2";
			};
			name = Debug;
		};
		99086FA12B76E3BB00FC00B2 /* Release */ = {
			isa = XCBuildConfiguration;
			buildSettings = {
				ASSETCATALOG_COMPILER_APPICON_NAME = AppIcon;
				ASSETCATALOG_COMPILER_GLOBAL_ACCENT_COLOR_NAME = AccentColor;
				CODE_SIGN_STYLE = Automatic;
				CURRENT_PROJECT_VERSION = 1;
				DEVELOPMENT_ASSET_PATHS = "\"spark/Preview Content\"";
				DEVELOPMENT_TEAM = 445ZPL58SL;
				ENABLE_PREVIEWS = YES;
				GENERATE_INFOPLIST_FILE = YES;
				INFOPLIST_FILE = spark/Info.plist;
				INFOPLIST_KEY_LSApplicationCategoryType = "";
				INFOPLIST_KEY_NSLocationWhenInUseUsageDescription = "Allow us to acces your location to show you nearby friends and events";
				INFOPLIST_KEY_UIApplicationSupportsIndirectInputEvents = YES;
				INFOPLIST_KEY_UILaunchScreen_Generation = YES;
				INFOPLIST_KEY_UISupportedInterfaceOrientations_iPad = "UIInterfaceOrientationPortrait UIInterfaceOrientationPortraitUpsideDown UIInterfaceOrientationLandscapeLeft UIInterfaceOrientationLandscapeRight";
				INFOPLIST_KEY_UISupportedInterfaceOrientations_iPhone = "UIInterfaceOrientationPortrait UIInterfaceOrientationLandscapeLeft UIInterfaceOrientationLandscapeRight";
				INFOPLIST_KEY_UIUserInterfaceStyle = Dark;
				LD_RUNPATH_SEARCH_PATHS = (
					"$(inherited)",
					"@executable_path/Frameworks",
				);
				MARKETING_VERSION = 1.0;
				PRODUCT_BUNDLE_IDENTIFIER = com.kbcodes.spark;
				PRODUCT_NAME = "$(TARGET_NAME)";
				SWIFT_EMIT_LOC_STRINGS = YES;
				SWIFT_VERSION = 5.0;
				TARGETED_DEVICE_FAMILY = "1,2";
			};
			name = Release;
		};
/* End XCBuildConfiguration section */

/* Begin XCConfigurationList section */
		99086F8C2B76E3BA00FC00B2 /* Build configuration list for PBXProject "spark" */ = {
			isa = XCConfigurationList;
			buildConfigurations = (
				99086F9D2B76E3BB00FC00B2 /* Debug */,
				99086F9E2B76E3BB00FC00B2 /* Release */,
			);
			defaultConfigurationIsVisible = 0;
			defaultConfigurationName = Release;
		};
		99086F9F2B76E3BB00FC00B2 /* Build configuration list for PBXNativeTarget "spark" */ = {
			isa = XCConfigurationList;
			buildConfigurations = (
				99086FA02B76E3BB00FC00B2 /* Debug */,
				99086FA12B76E3BB00FC00B2 /* Release */,
			);
			defaultConfigurationIsVisible = 0;
			defaultConfigurationName = Release;
		};
/* End XCConfigurationList section */

/* Begin XCRemoteSwiftPackageReference section */
		99086FA92B78065B00FC00B2 /* XCRemoteSwiftPackageReference "firebase-ios-sdk" */ = {
			isa = XCRemoteSwiftPackageReference;
			repositoryURL = "https://github.com/firebase/firebase-ios-sdk";
			requirement = {
				kind = upToNextMajorVersion;
				minimumVersion = 9.0.0;
			};
		};
/* End XCRemoteSwiftPackageReference section */

/* Begin XCSwiftPackageProductDependency section */
		99086FAA2B78065B00FC00B2 /* FirebaseAnalytics */ = {
			isa = XCSwiftPackageProductDependency;
			package = 99086FA92B78065B00FC00B2 /* XCRemoteSwiftPackageReference "firebase-ios-sdk" */;
			productName = FirebaseAnalytics;
		};
		99086FAC2B78065B00FC00B2 /* FirebaseCrashlytics */ = {
			isa = XCSwiftPackageProductDependency;
			package = 99086FA92B78065B00FC00B2 /* XCRemoteSwiftPackageReference "firebase-ios-sdk" */;
			productName = FirebaseCrashlytics;
		};
		99086FB12B79E8D800FC00B2 /* FirebaseDatabase */ = {
			isa = XCSwiftPackageProductDependency;
			package = 99086FA92B78065B00FC00B2 /* XCRemoteSwiftPackageReference "firebase-ios-sdk" */;
			productName = FirebaseDatabase;
		};
		99086FB32B79E8DE00FC00B2 /* FirebaseDatabaseSwift */ = {
			isa = XCSwiftPackageProductDependency;
			package = 99086FA92B78065B00FC00B2 /* XCRemoteSwiftPackageReference "firebase-ios-sdk" */;
			productName = FirebaseDatabaseSwift;
		};
		99086FB52B79F32500FC00B2 /* FirebaseFirestore */ = {
			isa = XCSwiftPackageProductDependency;
			package = 99086FA92B78065B00FC00B2 /* XCRemoteSwiftPackageReference "firebase-ios-sdk" */;
			productName = FirebaseFirestore;
		};
		99086FB72B79F32C00FC00B2 /* FirebaseFirestoreSwift */ = {
			isa = XCSwiftPackageProductDependency;
			package = 99086FA92B78065B00FC00B2 /* XCRemoteSwiftPackageReference "firebase-ios-sdk" */;
			productName = FirebaseFirestoreSwift;
		};
/* End XCSwiftPackageProductDependency section */
	};
	rootObject = 99086F892B76E3BA00FC00B2 /* Project object */;
}
