// !$*UTF8*$!
{
	archiveVersion = 1;
	classes = {
	};
	objectVersion = 56;
	objects = {

/* Begin PBXBuildFile section */
		3B20BACB40479AE126693754 /* Pods_spark.framework in Frameworks */ = {isa = PBXBuildFile; fileRef = EBD351C1A9B813254BCB2C25 /* Pods_spark.framework */; };
		5567104B2C23D41F006071F8 /* Extensions.swift in Sources */ = {isa = PBXBuildFile; fileRef = 5567104A2C23D41F006071F8 /* Extensions.swift */; };
		99086F952B76E3BA00FC00B2 /* sparkApp.swift in Sources */ = {isa = PBXBuildFile; fileRef = 99086F942B76E3BA00FC00B2 /* sparkApp.swift */; };
		99086F972B76E3BA00FC00B2 /* ContentView.swift in Sources */ = {isa = PBXBuildFile; fileRef = 99086F962B76E3BA00FC00B2 /* ContentView.swift */; };
		99086F992B76E3BB00FC00B2 /* Assets.xcassets in Resources */ = {isa = PBXBuildFile; fileRef = 99086F982B76E3BB00FC00B2 /* Assets.xcassets */; };
		99086F9C2B76E3BB00FC00B2 /* Preview Assets.xcassets in Resources */ = {isa = PBXBuildFile; fileRef = 99086F9B2B76E3BB00FC00B2 /* Preview Assets.xcassets */; };
		99086FAB2B78065B00FC00B2 /* FirebaseAnalytics in Frameworks */ = {isa = PBXBuildFile; productRef = 99086FAA2B78065B00FC00B2 /* FirebaseAnalytics */; };
		99086FAD2B78065B00FC00B2 /* FirebaseCrashlytics in Frameworks */ = {isa = PBXBuildFile; productRef = 99086FAC2B78065B00FC00B2 /* FirebaseCrashlytics */; };
		99086FB22B79E8D800FC00B2 /* FirebaseDatabase in Frameworks */ = {isa = PBXBuildFile; productRef = 99086FB12B79E8D800FC00B2 /* FirebaseDatabase */; };
		99086FB42B79E8DE00FC00B2 /* FirebaseDatabaseSwift in Frameworks */ = {isa = PBXBuildFile; productRef = 99086FB32B79E8DE00FC00B2 /* FirebaseDatabaseSwift */; };
		99086FB62B79F32500FC00B2 /* FirebaseFirestore in Frameworks */ = {isa = PBXBuildFile; productRef = 99086FB52B79F32500FC00B2 /* FirebaseFirestore */; };
		99086FB82B79F32C00FC00B2 /* FirebaseFirestoreSwift in Frameworks */ = {isa = PBXBuildFile; productRef = 99086FB72B79F32C00FC00B2 /* FirebaseFirestoreSwift */; };
		99086FBA2B79F4C000FC00B2 /* AppDelegate.swift in Sources */ = {isa = PBXBuildFile; fileRef = 99086FB92B79F4C000FC00B2 /* AppDelegate.swift */; };
		99086FBC2B79F5EA00FC00B2 /* EventInputView.swift in Sources */ = {isa = PBXBuildFile; fileRef = 99086FBB2B79F5EA00FC00B2 /* EventInputView.swift */; };
		99086FBE2B79F7CE00FC00B2 /* GoogleService-Info.plist in Resources */ = {isa = PBXBuildFile; fileRef = 99086FBD2B79F7CE00FC00B2 /* GoogleService-Info.plist */; };
		99086FC12B7A087900FC00B2 /* MapViewRepresentable.swift in Sources */ = {isa = PBXBuildFile; fileRef = 99086FC02B7A087900FC00B2 /* MapViewRepresentable.swift */; };
		99086FC42B7A112800FC00B2 /* LocationManager.swift in Sources */ = {isa = PBXBuildFile; fileRef = 99086FC32B7A112800FC00B2 /* LocationManager.swift */; };
		99086FC62B7A15F200FC00B2 /* HomeMapView.swift in Sources */ = {isa = PBXBuildFile; fileRef = 99086FC52B7A15F200FC00B2 /* HomeMapView.swift */; };
		99086FC82B7A23EF00FC00B2 /* SearchCompleterDelegate.swift in Sources */ = {isa = PBXBuildFile; fileRef = 99086FC72B7A23EF00FC00B2 /* SearchCompleterDelegate.swift */; };
		99086FCB2B7B4A2000FC00B2 /* LocationSearchViewModel.swift in Sources */ = {isa = PBXBuildFile; fileRef = 99086FCA2B7B4A2000FC00B2 /* LocationSearchViewModel.swift */; };
		99086FCD2B7B548600FC00B2 /* LocationResultCell.swift in Sources */ = {isa = PBXBuildFile; fileRef = 99086FCC2B7B548600FC00B2 /* LocationResultCell.swift */; };
		99086FD22B7B767000FC00B2 /* EventViewModel.swift in Sources */ = {isa = PBXBuildFile; fileRef = 99086FD12B7B767000FC00B2 /* EventViewModel.swift */; };
		99086FD72B7C98B000FC00B2 /* FirebaseAuth in Frameworks */ = {isa = PBXBuildFile; productRef = 99086FD62B7C98B000FC00B2 /* FirebaseAuth */; };
		99086FD92B7C9A7D00FC00B2 /* AuthViewModel.swift in Sources */ = {isa = PBXBuildFile; fileRef = 99086FD82B7C9A7D00FC00B2 /* AuthViewModel.swift */; };
		9914F8C52BB5345F00F33482 /* ClickEvent.swift in Sources */ = {isa = PBXBuildFile; fileRef = 9914F8C42BB5345F00F33482 /* ClickEvent.swift */; };
		9914F8CA2BBEC0F000F33482 /* locationQuestion.swift in Sources */ = {isa = PBXBuildFile; fileRef = 9914F8C92BBEC0F000F33482 /* locationQuestion.swift */; };
		9914F8CC2BBEC0FD00F33482 /* snapLogin1.swift in Sources */ = {isa = PBXBuildFile; fileRef = 9914F8CB2BBEC0FD00F33482 /* snapLogin1.swift */; };
		9914F8CE2BBEC10800F33482 /* snapLogin2.swift in Sources */ = {isa = PBXBuildFile; fileRef = 9914F8CD2BBEC10800F33482 /* snapLogin2.swift */; };
		9914F8D02BC3DE2800F33482 /* EventPopupTransition.swift in Sources */ = {isa = PBXBuildFile; fileRef = 9914F8CF2BC3DE2800F33482 /* EventPopupTransition.swift */; };
		9914F8D22BC3E56900F33482 /* EventAnnotationView.swift in Sources */ = {isa = PBXBuildFile; fileRef = 9914F8D12BC3E56900F33482 /* EventAnnotationView.swift */; };
		9914F8D42BC408AA00F33482 /* KeyBoardResponder.swift in Sources */ = {isa = PBXBuildFile; fileRef = 9914F8D32BC408AA00F33482 /* KeyBoardResponder.swift */; };
		9914F8DC2BC547F300F33482 /* FollowReq2Test.swift in Sources */ = {isa = PBXBuildFile; fileRef = 9914F8DB2BC547F300F33482 /* FollowReq2Test.swift */; };
		9914F8E22BC5BFA000F33482 /* SnapViewTEST.swift in Sources */ = {isa = PBXBuildFile; fileRef = 9914F8E12BC5BFA000F33482 /* SnapViewTEST.swift */; };
		9914F8E42BC5CC2200F33482 /* ClickEventTest.swift in Sources */ = {isa = PBXBuildFile; fileRef = 9914F8E32BC5CC2200F33482 /* ClickEventTest.swift */; };
		9914F8E62BC802D400F33482 /* MainPageRS2.swift in Sources */ = {isa = PBXBuildFile; fileRef = 9914F8E52BC802D400F33482 /* MainPageRS2.swift */; };
		9914F8E82BC8133D00F33482 /* initFriendsTester.swift in Sources */ = {isa = PBXBuildFile; fileRef = 9914F8E72BC8133D00F33482 /* initFriendsTester.swift */; };
		9914F8EC2BCBA60900F33482 /* PopupManagerDeprec.swift in Sources */ = {isa = PBXBuildFile; fileRef = 9914F8EB2BCBA60900F33482 /* PopupManagerDeprec.swift */; };
		9914F8EE2BCBBE8000F33482 /* friendPopup.swift in Sources */ = {isa = PBXBuildFile; fileRef = 9914F8ED2BCBBE8000F33482 /* friendPopup.swift */; };
		9914F8F02BCBC20F00F33482 /* FriendAnnotation.swift in Sources */ = {isa = PBXBuildFile; fileRef = 9914F8EF2BCBC20F00F33482 /* FriendAnnotation.swift */; };
		9914F8F22BCBDC2E00F33482 /* removeFriendPopup.swift in Sources */ = {isa = PBXBuildFile; fileRef = 9914F8F12BCBDC2E00F33482 /* removeFriendPopup.swift */; };
		9914F8F42BCD06ED00F33482 /* addEventsTester.swift in Sources */ = {isa = PBXBuildFile; fileRef = 9914F8F32BCD06ED00F33482 /* addEventsTester.swift */; };
		9914F8F62BCD0D6D00F33482 /* AddFriends1Tester.swift in Sources */ = {isa = PBXBuildFile; fileRef = 9914F8F52BCD0D6D00F33482 /* AddFriends1Tester.swift */; };
		9914F8F82BCF811000F33482 /* SideMenuTransition.swift in Sources */ = {isa = PBXBuildFile; fileRef = 9914F8F72BCF811000F33482 /* SideMenuTransition.swift */; };
		9914F8FC2BCFDDDD00F33482 /* landingPageDemo.swift in Sources */ = {isa = PBXBuildFile; fileRef = 9914F8FB2BCFDDDD00F33482 /* landingPageDemo.swift */; };
		9914F9002BD1001900F33482 /* Launch Screen.storyboard in Resources */ = {isa = PBXBuildFile; fileRef = 9914F8FF2BD1001900F33482 /* Launch Screen.storyboard */; };
		9914F9022BD20B0B00F33482 /* blockFriendPopup.swift in Sources */ = {isa = PBXBuildFile; fileRef = 9914F9012BD20B0B00F33482 /* blockFriendPopup.swift */; };
		9935AB1C2B8EF0FB003994AE /* LocationSearchGPT.swift in Sources */ = {isa = PBXBuildFile; fileRef = 9935AB1B2B8EF0FB003994AE /* LocationSearchGPT.swift */; };
		9935AB1E2B8EF14A003994AE /* UserLoginGPT.swift in Sources */ = {isa = PBXBuildFile; fileRef = 9935AB1D2B8EF14A003994AE /* UserLoginGPT.swift */; };
		9935AB212B8EF402003994AE /* MainPageRS.swift in Sources */ = {isa = PBXBuildFile; fileRef = 9935AB202B8EF402003994AE /* MainPageRS.swift */; };
		9935AB252B8F11AB003994AE /* AddFriends1RS.swift in Sources */ = {isa = PBXBuildFile; fileRef = 9935AB242B8F11AB003994AE /* AddFriends1RS.swift */; };
		9935AB272B909C95003994AE /* AddFriends2RS.swift in Sources */ = {isa = PBXBuildFile; fileRef = 9935AB262B909C95003994AE /* AddFriends2RS.swift */; };
		9935AB292B90BD74003994AE /* SignUpRS.swift in Sources */ = {isa = PBXBuildFile; fileRef = 9935AB282B90BD74003994AE /* SignUpRS.swift */; };
		9959E5CD2B8EDFEC00D2A9DE /* InputEventsGPT.swift in Sources */ = {isa = PBXBuildFile; fileRef = 9959E5CC2B8EDFEC00D2A9DE /* InputEventsGPT.swift */; };
		9959E5CF2B8EE04D00D2A9DE /* GrabEventDataGPT.swift in Sources */ = {isa = PBXBuildFile; fileRef = 9959E5CE2B8EE04D00D2A9DE /* GrabEventDataGPT.swift */; };
		9959E5D12B8EE08400D2A9DE /* MapUIGPT.swift in Sources */ = {isa = PBXBuildFile; fileRef = 9959E5D02B8EE08400D2A9DE /* MapUIGPT.swift */; };
		998817102BB160BF00DD44F8 /* SnapchatLoginView.swift in Sources */ = {isa = PBXBuildFile; fileRef = 9988170F2BB160BF00DD44F8 /* SnapchatLoginView.swift */; };
		9993E3D22B81E84D007443BE /* UserModel.swift in Sources */ = {isa = PBXBuildFile; fileRef = 9993E3D12B81E84D007443BE /* UserModel.swift */; };
		9993E3D42B85C2AB007443BE /* UserManager.swift in Sources */ = {isa = PBXBuildFile; fileRef = 9993E3D32B85C2AB007443BE /* UserManager.swift */; };
		9993E3D72B86FC5F007443BE /* SearchFriendView.swift in Sources */ = {isa = PBXBuildFile; fileRef = 9993E3D62B86FC5F007443BE /* SearchFriendView.swift */; };
		9993E3DB2B87500D007443BE /* FollowRequest.swift in Sources */ = {isa = PBXBuildFile; fileRef = 9993E3DA2B87500D007443BE /* FollowRequest.swift */; };
		9993E3DE2B8750A1007443BE /* FollowRequestView.swift in Sources */ = {isa = PBXBuildFile; fileRef = 9993E3DD2B8750A1007443BE /* FollowRequestView.swift */; };
		9993E3E02B8870E2007443BE /* MapViewModel.swift in Sources */ = {isa = PBXBuildFile; fileRef = 9993E3DF2B8870E2007443BE /* MapViewModel.swift */; };
		9993E3E62B8AF4E5007443BE /* EventModel.swift in Sources */ = {isa = PBXBuildFile; fileRef = 9993E3E52B8AF4E5007443BE /* EventModel.swift */; };
		9993E3E82B8B2D9D007443BE /* CoordinatorClass.swift in Sources */ = {isa = PBXBuildFile; fileRef = 9993E3E72B8B2D9D007443BE /* CoordinatorClass.swift */; };
		9993E3EA2B8DC2CA007443BE /* addEventsRS.swift in Sources */ = {isa = PBXBuildFile; fileRef = 9993E3E92B8DC2CA007443BE /* addEventsRS.swift */; };
		9993E3EC2B8DC601007443BE /* EventDateTimeViewModelRS.swift in Sources */ = {isa = PBXBuildFile; fileRef = 9993E3EB2B8DC601007443BE /* EventDateTimeViewModelRS.swift */; };
		9993E3EE2B8DC9C2007443BE /* SetTimeRS.swift in Sources */ = {isa = PBXBuildFile; fileRef = 9993E3ED2B8DC9C2007443BE /* SetTimeRS.swift */; };
		9993E3F02B8DD44E007443BE /* addEventsGPT.swift in Sources */ = {isa = PBXBuildFile; fileRef = 9993E3EF2B8DD44E007443BE /* addEventsGPT.swift */; };
		99BBD6182C0FFC790051C3F0 /* bottomDrawerForModal.swift in Sources */ = {isa = PBXBuildFile; fileRef = 99BBD6172C0FFC790051C3F0 /* bottomDrawerForModal.swift */; };
		99BBD61B2C1005B50051C3F0 /* EdgesBottomDrawer in Frameworks */ = {isa = PBXBuildFile; productRef = 99BBD61A2C1005B50051C3F0 /* EdgesBottomDrawer */; };
		99BBD61E2C17D3E10051C3F0 /* GoogleMaps in Frameworks */ = {isa = PBXBuildFile; productRef = 99BBD61D2C17D3E10051C3F0 /* GoogleMaps */; };
		99BBD6202C1E0A370051C3F0 /* FirebaseMessaging in Frameworks */ = {isa = PBXBuildFile; productRef = 99BBD61F2C1E0A370051C3F0 /* FirebaseMessaging */; };
		99ECF0502C4A3D9A004542C9 /* FoundUserDataClass.swift in Sources */ = {isa = PBXBuildFile; fileRef = 99ECF04F2C4A3D9A004542C9 /* FoundUserDataClass.swift */; };
		99FFE2CF2B96064000070686 /* initFriendsRS.swift in Sources */ = {isa = PBXBuildFile; fileRef = 99FFE2CE2B96064000070686 /* initFriendsRS.swift */; };
		99FFE2D12B96093C00070686 /* FriendRequestRS.swift in Sources */ = {isa = PBXBuildFile; fileRef = 99FFE2D02B96093C00070686 /* FriendRequestRS.swift */; };
		99FFE2D32B99824000070686 /* LoginRS.swift in Sources */ = {isa = PBXBuildFile; fileRef = 99FFE2D22B99824000070686 /* LoginRS.swift */; };
		99FFE2D52B9989F600070686 /* WhenLocationOff.swift in Sources */ = {isa = PBXBuildFile; fileRef = 99FFE2D42B9989F600070686 /* WhenLocationOff.swift */; };
		99FFE2D72B998E8E00070686 /* LandingPageRS.swift in Sources */ = {isa = PBXBuildFile; fileRef = 99FFE2D62B998E8E00070686 /* LandingPageRS.swift */; };
		99FFE2DB2B9E69E800070686 /* EventAnnotationModel.swift in Sources */ = {isa = PBXBuildFile; fileRef = 99FFE2DA2B9E69E800070686 /* EventAnnotationModel.swift */; };
/* End PBXBuildFile section */

/* Begin PBXFileReference section */
		028364F744332DC5EA937FB6 /* Pods-spark.debug.xcconfig */ = {isa = PBXFileReference; includeInIndex = 1; lastKnownFileType = text.xcconfig; name = "Pods-spark.debug.xcconfig"; path = "Target Support Files/Pods-spark/Pods-spark.debug.xcconfig"; sourceTree = "<group>"; };
		5567104A2C23D41F006071F8 /* Extensions.swift */ = {isa = PBXFileReference; lastKnownFileType = sourcecode.swift; path = Extensions.swift; sourceTree = "<group>"; };
		99086F912B76E3BA00FC00B2 /* spark.app */ = {isa = PBXFileReference; explicitFileType = wrapper.application; includeInIndex = 0; path = spark.app; sourceTree = BUILT_PRODUCTS_DIR; };
		99086F942B76E3BA00FC00B2 /* sparkApp.swift */ = {isa = PBXFileReference; lastKnownFileType = sourcecode.swift; path = sparkApp.swift; sourceTree = "<group>"; };
		99086F962B76E3BA00FC00B2 /* ContentView.swift */ = {isa = PBXFileReference; lastKnownFileType = sourcecode.swift; path = ContentView.swift; sourceTree = "<group>"; };
		99086F982B76E3BB00FC00B2 /* Assets.xcassets */ = {isa = PBXFileReference; lastKnownFileType = folder.assetcatalog; path = Assets.xcassets; sourceTree = "<group>"; };
		99086F9B2B76E3BB00FC00B2 /* Preview Assets.xcassets */ = {isa = PBXFileReference; lastKnownFileType = folder.assetcatalog; path = "Preview Assets.xcassets"; sourceTree = "<group>"; };
		99086FA82B77FBF300FC00B2 /* GoogleService-Info.plist */ = {isa = PBXFileReference; lastKnownFileType = text.plist.xml; path = "GoogleService-Info.plist"; sourceTree = "<group>"; };
		99086FB92B79F4C000FC00B2 /* AppDelegate.swift */ = {isa = PBXFileReference; lastKnownFileType = sourcecode.swift; path = AppDelegate.swift; sourceTree = "<group>"; };
		99086FBB2B79F5EA00FC00B2 /* EventInputView.swift */ = {isa = PBXFileReference; lastKnownFileType = sourcecode.swift; name = EventInputView.swift; path = spark/EventInputView.swift; sourceTree = SOURCE_ROOT; };
		99086FBD2B79F7CE00FC00B2 /* GoogleService-Info.plist */ = {isa = PBXFileReference; lastKnownFileType = text.plist.xml; path = "GoogleService-Info.plist"; sourceTree = "<group>"; };
		99086FC02B7A087900FC00B2 /* MapViewRepresentable.swift */ = {isa = PBXFileReference; lastKnownFileType = sourcecode.swift; path = MapViewRepresentable.swift; sourceTree = "<group>"; };
		99086FC32B7A112800FC00B2 /* LocationManager.swift */ = {isa = PBXFileReference; lastKnownFileType = sourcecode.swift; path = LocationManager.swift; sourceTree = "<group>"; };
		99086FC52B7A15F200FC00B2 /* HomeMapView.swift */ = {isa = PBXFileReference; lastKnownFileType = sourcecode.swift; path = HomeMapView.swift; sourceTree = "<group>"; };
		99086FC72B7A23EF00FC00B2 /* SearchCompleterDelegate.swift */ = {isa = PBXFileReference; lastKnownFileType = sourcecode.swift; path = SearchCompleterDelegate.swift; sourceTree = "<group>"; };
		99086FCA2B7B4A2000FC00B2 /* LocationSearchViewModel.swift */ = {isa = PBXFileReference; lastKnownFileType = sourcecode.swift; path = LocationSearchViewModel.swift; sourceTree = "<group>"; };
		99086FCC2B7B548600FC00B2 /* LocationResultCell.swift */ = {isa = PBXFileReference; lastKnownFileType = sourcecode.swift; path = LocationResultCell.swift; sourceTree = "<group>"; };
		99086FD12B7B767000FC00B2 /* EventViewModel.swift */ = {isa = PBXFileReference; lastKnownFileType = sourcecode.swift; path = EventViewModel.swift; sourceTree = "<group>"; };
		99086FD82B7C9A7D00FC00B2 /* AuthViewModel.swift */ = {isa = PBXFileReference; lastKnownFileType = sourcecode.swift; path = AuthViewModel.swift; sourceTree = "<group>"; };
		9914F8C42BB5345F00F33482 /* ClickEvent.swift */ = {isa = PBXFileReference; lastKnownFileType = sourcecode.swift; path = ClickEvent.swift; sourceTree = "<group>"; };
		9914F8C92BBEC0F000F33482 /* locationQuestion.swift */ = {isa = PBXFileReference; lastKnownFileType = sourcecode.swift; path = locationQuestion.swift; sourceTree = "<group>"; };
		9914F8CB2BBEC0FD00F33482 /* snapLogin1.swift */ = {isa = PBXFileReference; lastKnownFileType = sourcecode.swift; path = snapLogin1.swift; sourceTree = "<group>"; };
		9914F8CD2BBEC10800F33482 /* snapLogin2.swift */ = {isa = PBXFileReference; lastKnownFileType = sourcecode.swift; path = snapLogin2.swift; sourceTree = "<group>"; };
		9914F8CF2BC3DE2800F33482 /* EventPopupTransition.swift */ = {isa = PBXFileReference; lastKnownFileType = sourcecode.swift; path = EventPopupTransition.swift; sourceTree = "<group>"; };
		9914F8D12BC3E56900F33482 /* EventAnnotationView.swift */ = {isa = PBXFileReference; lastKnownFileType = sourcecode.swift; path = EventAnnotationView.swift; sourceTree = "<group>"; };
		9914F8D32BC408AA00F33482 /* KeyBoardResponder.swift */ = {isa = PBXFileReference; lastKnownFileType = sourcecode.swift; path = KeyBoardResponder.swift; sourceTree = "<group>"; };
		9914F8DB2BC547F300F33482 /* FollowReq2Test.swift */ = {isa = PBXFileReference; lastKnownFileType = sourcecode.swift; path = FollowReq2Test.swift; sourceTree = "<group>"; };
		9914F8E12BC5BFA000F33482 /* SnapViewTEST.swift */ = {isa = PBXFileReference; lastKnownFileType = sourcecode.swift; path = SnapViewTEST.swift; sourceTree = "<group>"; };
		9914F8E32BC5CC2200F33482 /* ClickEventTest.swift */ = {isa = PBXFileReference; lastKnownFileType = sourcecode.swift; path = ClickEventTest.swift; sourceTree = "<group>"; };
		9914F8E52BC802D400F33482 /* MainPageRS2.swift */ = {isa = PBXFileReference; lastKnownFileType = sourcecode.swift; path = MainPageRS2.swift; sourceTree = "<group>"; };
		9914F8E72BC8133D00F33482 /* initFriendsTester.swift */ = {isa = PBXFileReference; lastKnownFileType = sourcecode.swift; path = initFriendsTester.swift; sourceTree = "<group>"; };
		9914F8EB2BCBA60900F33482 /* PopupManagerDeprec.swift */ = {isa = PBXFileReference; lastKnownFileType = sourcecode.swift; path = PopupManagerDeprec.swift; sourceTree = "<group>"; };
		9914F8ED2BCBBE8000F33482 /* friendPopup.swift */ = {isa = PBXFileReference; lastKnownFileType = sourcecode.swift; path = friendPopup.swift; sourceTree = "<group>"; };
		9914F8EF2BCBC20F00F33482 /* FriendAnnotation.swift */ = {isa = PBXFileReference; lastKnownFileType = sourcecode.swift; path = FriendAnnotation.swift; sourceTree = "<group>"; };
		9914F8F12BCBDC2E00F33482 /* removeFriendPopup.swift */ = {isa = PBXFileReference; lastKnownFileType = sourcecode.swift; path = removeFriendPopup.swift; sourceTree = "<group>"; };
		9914F8F32BCD06ED00F33482 /* addEventsTester.swift */ = {isa = PBXFileReference; lastKnownFileType = sourcecode.swift; path = addEventsTester.swift; sourceTree = "<group>"; };
		9914F8F52BCD0D6D00F33482 /* AddFriends1Tester.swift */ = {isa = PBXFileReference; lastKnownFileType = sourcecode.swift; path = AddFriends1Tester.swift; sourceTree = "<group>"; };
		9914F8F72BCF811000F33482 /* SideMenuTransition.swift */ = {isa = PBXFileReference; lastKnownFileType = sourcecode.swift; path = SideMenuTransition.swift; sourceTree = "<group>"; };
		9914F8FB2BCFDDDD00F33482 /* landingPageDemo.swift */ = {isa = PBXFileReference; lastKnownFileType = sourcecode.swift; path = landingPageDemo.swift; sourceTree = "<group>"; };
		9914F8FF2BD1001900F33482 /* Launch Screen.storyboard */ = {isa = PBXFileReference; lastKnownFileType = file.storyboard; path = "Launch Screen.storyboard"; sourceTree = "<group>"; };
		9914F9012BD20B0B00F33482 /* blockFriendPopup.swift */ = {isa = PBXFileReference; lastKnownFileType = sourcecode.swift; path = blockFriendPopup.swift; sourceTree = "<group>"; };
		9935AB1B2B8EF0FB003994AE /* LocationSearchGPT.swift */ = {isa = PBXFileReference; lastKnownFileType = sourcecode.swift; path = LocationSearchGPT.swift; sourceTree = "<group>"; };
		9935AB1D2B8EF14A003994AE /* UserLoginGPT.swift */ = {isa = PBXFileReference; lastKnownFileType = sourcecode.swift; path = UserLoginGPT.swift; sourceTree = "<group>"; };
		9935AB202B8EF402003994AE /* MainPageRS.swift */ = {isa = PBXFileReference; lastKnownFileType = sourcecode.swift; path = MainPageRS.swift; sourceTree = "<group>"; };
		9935AB242B8F11AB003994AE /* AddFriends1RS.swift */ = {isa = PBXFileReference; lastKnownFileType = sourcecode.swift; path = AddFriends1RS.swift; sourceTree = "<group>"; };
		9935AB262B909C95003994AE /* AddFriends2RS.swift */ = {isa = PBXFileReference; lastKnownFileType = sourcecode.swift; path = AddFriends2RS.swift; sourceTree = "<group>"; };
		9935AB282B90BD74003994AE /* SignUpRS.swift */ = {isa = PBXFileReference; lastKnownFileType = sourcecode.swift; path = SignUpRS.swift; sourceTree = "<group>"; };
		9959E5CC2B8EDFEC00D2A9DE /* InputEventsGPT.swift */ = {isa = PBXFileReference; lastKnownFileType = sourcecode.swift; path = InputEventsGPT.swift; sourceTree = "<group>"; };
		9959E5CE2B8EE04D00D2A9DE /* GrabEventDataGPT.swift */ = {isa = PBXFileReference; lastKnownFileType = sourcecode.swift; path = GrabEventDataGPT.swift; sourceTree = "<group>"; };
		9959E5D02B8EE08400D2A9DE /* MapUIGPT.swift */ = {isa = PBXFileReference; lastKnownFileType = sourcecode.swift; path = MapUIGPT.swift; sourceTree = "<group>"; };
		9988170F2BB160BF00DD44F8 /* SnapchatLoginView.swift */ = {isa = PBXFileReference; lastKnownFileType = sourcecode.swift; path = SnapchatLoginView.swift; sourceTree = "<group>"; };
		998912602BAEA0E60012439E /* SCSDKLoginKit.xcframework */ = {isa = PBXFileReference; lastKnownFileType = wrapper.xcframework; name = SCSDKLoginKit.xcframework; path = Pods/SnapSDK/SCSDKLoginKit.xcframework; sourceTree = "<group>"; };
		998912642BAEA0F00012439E /* SCSDKCoreKit.xcframework */ = {isa = PBXFileReference; lastKnownFileType = wrapper.xcframework; name = SCSDKCoreKit.xcframework; path = Pods/SnapSDK/SCSDKCoreKit.xcframework; sourceTree = "<group>"; };
		9993E3D12B81E84D007443BE /* UserModel.swift */ = {isa = PBXFileReference; lastKnownFileType = sourcecode.swift; path = UserModel.swift; sourceTree = "<group>"; };
		9993E3D32B85C2AB007443BE /* UserManager.swift */ = {isa = PBXFileReference; lastKnownFileType = sourcecode.swift; path = UserManager.swift; sourceTree = "<group>"; };
		9993E3D62B86FC5F007443BE /* SearchFriendView.swift */ = {isa = PBXFileReference; lastKnownFileType = sourcecode.swift; path = SearchFriendView.swift; sourceTree = "<group>"; };
		9993E3DA2B87500D007443BE /* FollowRequest.swift */ = {isa = PBXFileReference; lastKnownFileType = sourcecode.swift; path = FollowRequest.swift; sourceTree = "<group>"; };
		9993E3DD2B8750A1007443BE /* FollowRequestView.swift */ = {isa = PBXFileReference; lastKnownFileType = sourcecode.swift; path = FollowRequestView.swift; sourceTree = "<group>"; };
		9993E3DF2B8870E2007443BE /* MapViewModel.swift */ = {isa = PBXFileReference; lastKnownFileType = sourcecode.swift; path = MapViewModel.swift; sourceTree = "<group>"; };
		9993E3E52B8AF4E5007443BE /* EventModel.swift */ = {isa = PBXFileReference; lastKnownFileType = sourcecode.swift; path = EventModel.swift; sourceTree = "<group>"; };
		9993E3E72B8B2D9D007443BE /* CoordinatorClass.swift */ = {isa = PBXFileReference; lastKnownFileType = sourcecode.swift; path = CoordinatorClass.swift; sourceTree = "<group>"; };
		9993E3E92B8DC2CA007443BE /* addEventsRS.swift */ = {isa = PBXFileReference; lastKnownFileType = sourcecode.swift; path = addEventsRS.swift; sourceTree = "<group>"; };
		9993E3EB2B8DC601007443BE /* EventDateTimeViewModelRS.swift */ = {isa = PBXFileReference; lastKnownFileType = sourcecode.swift; path = EventDateTimeViewModelRS.swift; sourceTree = "<group>"; };
		9993E3ED2B8DC9C2007443BE /* SetTimeRS.swift */ = {isa = PBXFileReference; lastKnownFileType = sourcecode.swift; path = SetTimeRS.swift; sourceTree = "<group>"; };
		9993E3EF2B8DD44E007443BE /* addEventsGPT.swift */ = {isa = PBXFileReference; lastKnownFileType = sourcecode.swift; path = addEventsGPT.swift; sourceTree = "<group>"; };
		99BBD6172C0FFC790051C3F0 /* bottomDrawerForModal.swift */ = {isa = PBXFileReference; lastKnownFileType = sourcecode.swift; path = bottomDrawerForModal.swift; sourceTree = "<group>"; };
		99ECF04F2C4A3D9A004542C9 /* FoundUserDataClass.swift */ = {isa = PBXFileReference; lastKnownFileType = sourcecode.swift; path = FoundUserDataClass.swift; sourceTree = "<group>"; };
		99FFE2CE2B96064000070686 /* initFriendsRS.swift */ = {isa = PBXFileReference; lastKnownFileType = sourcecode.swift; path = initFriendsRS.swift; sourceTree = "<group>"; };
		99FFE2D02B96093C00070686 /* FriendRequestRS.swift */ = {isa = PBXFileReference; lastKnownFileType = sourcecode.swift; path = FriendRequestRS.swift; sourceTree = "<group>"; };
		99FFE2D22B99824000070686 /* LoginRS.swift */ = {isa = PBXFileReference; lastKnownFileType = sourcecode.swift; path = LoginRS.swift; sourceTree = "<group>"; };
		99FFE2D42B9989F600070686 /* WhenLocationOff.swift */ = {isa = PBXFileReference; lastKnownFileType = sourcecode.swift; path = WhenLocationOff.swift; sourceTree = "<group>"; };
		99FFE2D62B998E8E00070686 /* LandingPageRS.swift */ = {isa = PBXFileReference; lastKnownFileType = sourcecode.swift; path = LandingPageRS.swift; sourceTree = "<group>"; };
		99FFE2DA2B9E69E800070686 /* EventAnnotationModel.swift */ = {isa = PBXFileReference; lastKnownFileType = sourcecode.swift; path = EventAnnotationModel.swift; sourceTree = "<group>"; };
		B74F75412BD03346006DE27D /* spark.entitlements */ = {isa = PBXFileReference; lastKnownFileType = text.plist.entitlements; path = spark.entitlements; sourceTree = "<group>"; };
		C93A2158E741FCD4D48C7802 /* Pods-spark.release.xcconfig */ = {isa = PBXFileReference; includeInIndex = 1; lastKnownFileType = text.xcconfig; name = "Pods-spark.release.xcconfig"; path = "Target Support Files/Pods-spark/Pods-spark.release.xcconfig"; sourceTree = "<group>"; };
		EBD351C1A9B813254BCB2C25 /* Pods_spark.framework */ = {isa = PBXFileReference; explicitFileType = wrapper.framework; includeInIndex = 0; path = Pods_spark.framework; sourceTree = BUILT_PRODUCTS_DIR; };
/* End PBXFileReference section */

/* Begin PBXFrameworksBuildPhase section */
		99086F8E2B76E3BA00FC00B2 /* Frameworks */ = {
			isa = PBXFrameworksBuildPhase;
			buildActionMask = 2147483647;
			files = (
				99086FB42B79E8DE00FC00B2 /* FirebaseDatabaseSwift in Frameworks */,
				99086FB22B79E8D800FC00B2 /* FirebaseDatabase in Frameworks */,
				99BBD61E2C17D3E10051C3F0 /* GoogleMaps in Frameworks */,
				99086FAB2B78065B00FC00B2 /* FirebaseAnalytics in Frameworks */,
				99086FB62B79F32500FC00B2 /* FirebaseFirestore in Frameworks */,
				99086FAD2B78065B00FC00B2 /* FirebaseCrashlytics in Frameworks */,
				99BBD61B2C1005B50051C3F0 /* EdgesBottomDrawer in Frameworks */,
				99086FD72B7C98B000FC00B2 /* FirebaseAuth in Frameworks */,
				99086FB82B79F32C00FC00B2 /* FirebaseFirestoreSwift in Frameworks */,
				99BBD6202C1E0A370051C3F0 /* FirebaseMessaging in Frameworks */,
				3B20BACB40479AE126693754 /* Pods_spark.framework in Frameworks */,
			);
			runOnlyForDeploymentPostprocessing = 0;
		};
/* End PBXFrameworksBuildPhase section */

/* Begin PBXGroup section */
		1DD41016B5C508F1006696E4 /* Pods */ = {
			isa = PBXGroup;
			children = (
				028364F744332DC5EA937FB6 /* Pods-spark.debug.xcconfig */,
				C93A2158E741FCD4D48C7802 /* Pods-spark.release.xcconfig */,
			);
			path = Pods;
			sourceTree = "<group>";
		};
		99086F882B76E3BA00FC00B2 = {
			isa = PBXGroup;
			children = (
				99086F932B76E3BA00FC00B2 /* spark */,
				99086F922B76E3BA00FC00B2 /* Products */,
				99086FB02B79E8D700FC00B2 /* Frameworks */,
				1DD41016B5C508F1006696E4 /* Pods */,
			);
			sourceTree = "<group>";
		};
		99086F922B76E3BA00FC00B2 /* Products */ = {
			isa = PBXGroup;
			children = (
				99086F912B76E3BA00FC00B2 /* spark.app */,
			);
			name = Products;
			sourceTree = "<group>";
		};
		99086F932B76E3BA00FC00B2 /* spark */ = {
			isa = PBXGroup;
			children = (
				B74F75412BD03346006DE27D /* spark.entitlements */,
				9914F8FF2BD1001900F33482 /* Launch Screen.storyboard */,
				99ECF04F2C4A3D9A004542C9 /* FoundUserDataClass.swift */,
				9914F8C82BBEC0AD00F33482 /* UserSignUp */,
				9914F8C32BB533EF00F33482 /* ViewEventData */,
				9993E3DC2B87506B007443BE /* FollowRequestView */,
				9993E3D52B86FC41007443BE /* SearchForFriends */,
				99086F942B76E3BA00FC00B2 /* sparkApp.swift */,
				99086FB92B79F4C000FC00B2 /* AppDelegate.swift */,
				99E747BC2BA81DA300364CE5 /* SNAPSDK */,
				99086FA82B77FBF300FC00B2 /* GoogleService-Info.plist */,
				9993E3D02B81E82B007443BE /* UserModel */,
				99086F962B76E3BA00FC00B2 /* ContentView.swift */,
				5567104A2C23D41F006071F8 /* Extensions.swift */,
				99086FD32B7C982600FC00B2 /* UserLogin */,
				99086FC22B7A111600FC00B2 /* Managers */,
				99086FBF2B7A06CF00FC00B2 /* MapUI */,
				99086FCE2B7B760900FC00B2 /* GrabEventData */,
				99086FA22B77681E00FC00B2 /* InputEventsUI */,
				99086FC92B7B49FD00FC00B2 /* LocationSearch */,
				99086F982B76E3BB00FC00B2 /* Assets.xcassets */,
				99086F9A2B76E3BB00FC00B2 /* Preview Content */,
				9914F8FB2BCFDDDD00F33482 /* landingPageDemo.swift */,
			);
			path = spark;
			sourceTree = "<group>";
		};
		99086F9A2B76E3BB00FC00B2 /* Preview Content */ = {
			isa = PBXGroup;
			children = (
				99086F9B2B76E3BB00FC00B2 /* Preview Assets.xcassets */,
			);
			path = "Preview Content";
			sourceTree = "<group>";
		};
		99086FA22B77681E00FC00B2 /* InputEventsUI */ = {
			isa = PBXGroup;
			children = (
				99086FBB2B79F5EA00FC00B2 /* EventInputView.swift */,
				99086FC72B7A23EF00FC00B2 /* SearchCompleterDelegate.swift */,
				99086FBD2B79F7CE00FC00B2 /* GoogleService-Info.plist */,
				9993E3ED2B8DC9C2007443BE /* SetTimeRS.swift */,
				9993E3E92B8DC2CA007443BE /* addEventsRS.swift */,
				9914F8F32BCD06ED00F33482 /* addEventsTester.swift */,
				9993E3EF2B8DD44E007443BE /* addEventsGPT.swift */,
				9959E5CC2B8EDFEC00D2A9DE /* InputEventsGPT.swift */,
			);
			path = InputEventsUI;
			sourceTree = "<group>";
		};
		99086FB02B79E8D700FC00B2 /* Frameworks */ = {
			isa = PBXGroup;
			children = (
				998912642BAEA0F00012439E /* SCSDKCoreKit.xcframework */,
				998912602BAEA0E60012439E /* SCSDKLoginKit.xcframework */,
				EBD351C1A9B813254BCB2C25 /* Pods_spark.framework */,
			);
			name = Frameworks;
			sourceTree = "<group>";
		};
		99086FBF2B7A06CF00FC00B2 /* MapUI */ = {
			isa = PBXGroup;
			children = (
				99086FC02B7A087900FC00B2 /* MapViewRepresentable.swift */,
				99FFE2DA2B9E69E800070686 /* EventAnnotationModel.swift */,
				9935AB202B8EF402003994AE /* MainPageRS.swift */,
				9914F8E52BC802D400F33482 /* MainPageRS2.swift */,
				9993E3E72B8B2D9D007443BE /* CoordinatorClass.swift */,
				9914F8F72BCF811000F33482 /* SideMenuTransition.swift */,
				9914F8EB2BCBA60900F33482 /* PopupManagerDeprec.swift */,
				9914F8D12BC3E56900F33482 /* EventAnnotationView.swift */,
				99086FC52B7A15F200FC00B2 /* HomeMapView.swift */,
				9993E3DF2B8870E2007443BE /* MapViewModel.swift */,
				9959E5D02B8EE08400D2A9DE /* MapUIGPT.swift */,
				99FFE2D42B9989F600070686 /* WhenLocationOff.swift */,
				9914F8EF2BCBC20F00F33482 /* FriendAnnotation.swift */,
				99BBD6172C0FFC790051C3F0 /* bottomDrawerForModal.swift */,
			);
			path = MapUI;
			sourceTree = "<group>";
		};
		99086FC22B7A111600FC00B2 /* Managers */ = {
			isa = PBXGroup;
			children = (
				99086FC32B7A112800FC00B2 /* LocationManager.swift */,
			);
			path = Managers;
			sourceTree = "<group>";
		};
		99086FC92B7B49FD00FC00B2 /* LocationSearch */ = {
			isa = PBXGroup;
			children = (
				99086FCA2B7B4A2000FC00B2 /* LocationSearchViewModel.swift */,
				99086FCC2B7B548600FC00B2 /* LocationResultCell.swift */,
				9935AB1B2B8EF0FB003994AE /* LocationSearchGPT.swift */,
			);
			path = LocationSearch;
			sourceTree = "<group>";
		};
		99086FCE2B7B760900FC00B2 /* GrabEventData */ = {
			isa = PBXGroup;
			children = (
				99086FD12B7B767000FC00B2 /* EventViewModel.swift */,
				9993E3E52B8AF4E5007443BE /* EventModel.swift */,
				9993E3EB2B8DC601007443BE /* EventDateTimeViewModelRS.swift */,
				9959E5CE2B8EE04D00D2A9DE /* GrabEventDataGPT.swift */,
			);
			path = GrabEventData;
			sourceTree = "<group>";
		};
		99086FD32B7C982600FC00B2 /* UserLogin */ = {
			isa = PBXGroup;
			children = (
				99086FD82B7C9A7D00FC00B2 /* AuthViewModel.swift */,
				99FFE2D22B99824000070686 /* LoginRS.swift */,
				99FFE2D62B998E8E00070686 /* LandingPageRS.swift */,
				9935AB1D2B8EF14A003994AE /* UserLoginGPT.swift */,
			);
			path = UserLogin;
			sourceTree = "<group>";
		};
		9914F8C32BB533EF00F33482 /* ViewEventData */ = {
			isa = PBXGroup;
			children = (
				9914F8C42BB5345F00F33482 /* ClickEvent.swift */,
				9914F8CF2BC3DE2800F33482 /* EventPopupTransition.swift */,
				9914F8E32BC5CC2200F33482 /* ClickEventTest.swift */,
			);
			path = ViewEventData;
			sourceTree = "<group>";
		};
		9914F8C82BBEC0AD00F33482 /* UserSignUp */ = {
			isa = PBXGroup;
			children = (
				99FFE2CE2B96064000070686 /* initFriendsRS.swift */,
				9914F8E72BC8133D00F33482 /* initFriendsTester.swift */,
				9935AB282B90BD74003994AE /* SignUpRS.swift */,
				9914F8C92BBEC0F000F33482 /* locationQuestion.swift */,
				9914F8CB2BBEC0FD00F33482 /* snapLogin1.swift */,
				9914F8CD2BBEC10800F33482 /* snapLogin2.swift */,
				9914F8E12BC5BFA000F33482 /* SnapViewTEST.swift */,
			);
			path = UserSignUp;
			sourceTree = "<group>";
		};
		9993E3D02B81E82B007443BE /* UserModel */ = {
			isa = PBXGroup;
			children = (
				9993E3D32B85C2AB007443BE /* UserManager.swift */,
			);
			path = UserModel;
			sourceTree = "<group>";
		};
		9993E3D52B86FC41007443BE /* SearchForFriends */ = {
			isa = PBXGroup;
			children = (
				9993E3D62B86FC5F007443BE /* SearchFriendView.swift */,
				9914F8F12BCBDC2E00F33482 /* removeFriendPopup.swift */,
				9935AB242B8F11AB003994AE /* AddFriends1RS.swift */,
				9914F9012BD20B0B00F33482 /* blockFriendPopup.swift */,
				9914F8F52BCD0D6D00F33482 /* AddFriends1Tester.swift */,
				9914F8D32BC408AA00F33482 /* KeyBoardResponder.swift */,
				9993E3D12B81E84D007443BE /* UserModel.swift */,
				9914F8ED2BCBBE8000F33482 /* friendPopup.swift */,
				9935AB262B909C95003994AE /* AddFriends2RS.swift */,
				99FFE2D02B96093C00070686 /* FriendRequestRS.swift */,
			);
			path = SearchForFriends;
			sourceTree = "<group>";
		};
		9993E3DC2B87506B007443BE /* FollowRequestView */ = {
			isa = PBXGroup;
			children = (
				9993E3DA2B87500D007443BE /* FollowRequest.swift */,
				9914F8DB2BC547F300F33482 /* FollowReq2Test.swift */,
				9993E3DD2B8750A1007443BE /* FollowRequestView.swift */,
			);
			path = FollowRequestView;
			sourceTree = "<group>";
		};
		99E747BC2BA81DA300364CE5 /* SNAPSDK */ = {
			isa = PBXGroup;
			children = (
				9988170F2BB160BF00DD44F8 /* SnapchatLoginView.swift */,
			);
			path = SNAPSDK;
			sourceTree = "<group>";
		};
/* End PBXGroup section */

/* Begin PBXNativeTarget section */
		99086F902B76E3BA00FC00B2 /* spark */ = {
			isa = PBXNativeTarget;
			buildConfigurationList = 99086F9F2B76E3BB00FC00B2 /* Build configuration list for PBXNativeTarget "spark" */;
			buildPhases = (
				24A34850389188E569CC50FA /* [CP] Check Pods Manifest.lock */,
				99086F8D2B76E3BA00FC00B2 /* Sources */,
				99086F8E2B76E3BA00FC00B2 /* Frameworks */,
				99086F8F2B76E3BA00FC00B2 /* Resources */,
				FCDF5C093D43DE8E76E61AF5 /* [CP] Embed Pods Frameworks */,
			);
			buildRules = (
			);
			dependencies = (
			);
			name = spark;
			packageProductDependencies = (
				99086FAA2B78065B00FC00B2 /* FirebaseAnalytics */,
				99086FAC2B78065B00FC00B2 /* FirebaseCrashlytics */,
				99086FB12B79E8D800FC00B2 /* FirebaseDatabase */,
				99086FB32B79E8DE00FC00B2 /* FirebaseDatabaseSwift */,
				99086FB52B79F32500FC00B2 /* FirebaseFirestore */,
				99086FB72B79F32C00FC00B2 /* FirebaseFirestoreSwift */,
				99086FD62B7C98B000FC00B2 /* FirebaseAuth */,
				99BBD61A2C1005B50051C3F0 /* EdgesBottomDrawer */,
				99BBD61D2C17D3E10051C3F0 /* GoogleMaps */,
				99BBD61F2C1E0A370051C3F0 /* FirebaseMessaging */,
			);
			productName = spark;
			productReference = 99086F912B76E3BA00FC00B2 /* spark.app */;
			productType = "com.apple.product-type.application";
		};
/* End PBXNativeTarget section */

/* Begin PBXProject section */
		99086F892B76E3BA00FC00B2 /* Project object */ = {
			isa = PBXProject;
			attributes = {
				BuildIndependentTargetsInParallel = 1;
				LastSwiftUpdateCheck = 1540;
				LastUpgradeCheck = 1420;
				TargetAttributes = {
					99086F902B76E3BA00FC00B2 = {
						CreatedOnToolsVersion = 14.2;
					};
				};
			};
			buildConfigurationList = 99086F8C2B76E3BA00FC00B2 /* Build configuration list for PBXProject "spark" */;
			compatibilityVersion = "Xcode 14.0";
			developmentRegion = en;
			hasScannedForEncodings = 0;
			knownRegions = (
				en,
				Base,
			);
			mainGroup = 99086F882B76E3BA00FC00B2;
			packageReferences = (
				99086FA92B78065B00FC00B2 /* XCRemoteSwiftPackageReference "firebase-ios-sdk" */,
				99BBD6192C1005B50051C3F0 /* XCRemoteSwiftPackageReference "EdgesBottomDrawer" */,
				99BBD61C2C17D3E10051C3F0 /* XCRemoteSwiftPackageReference "ios-maps-sdk" */,
			);
			productRefGroup = 99086F922B76E3BA00FC00B2 /* Products */;
			projectDirPath = "";
			projectRoot = "";
			targets = (
				99086F902B76E3BA00FC00B2 /* spark */,
			);
		};
/* End PBXProject section */

/* Begin PBXResourcesBuildPhase section */
		99086F8F2B76E3BA00FC00B2 /* Resources */ = {
			isa = PBXResourcesBuildPhase;
			buildActionMask = 2147483647;
			files = (
				99086FBE2B79F7CE00FC00B2 /* GoogleService-Info.plist in Resources */,
				99086F9C2B76E3BB00FC00B2 /* Preview Assets.xcassets in Resources */,
				9914F9002BD1001900F33482 /* Launch Screen.storyboard in Resources */,
				99086F992B76E3BB00FC00B2 /* Assets.xcassets in Resources */,
			);
			runOnlyForDeploymentPostprocessing = 0;
		};
/* End PBXResourcesBuildPhase section */

/* Begin PBXShellScriptBuildPhase section */
		24A34850389188E569CC50FA /* [CP] Check Pods Manifest.lock */ = {
			isa = PBXShellScriptBuildPhase;
			buildActionMask = 2147483647;
			files = (
			);
			inputFileListPaths = (
			);
			inputPaths = (
				"${PODS_PODFILE_DIR_PATH}/Podfile.lock",
				"${PODS_ROOT}/Manifest.lock",
			);
			name = "[CP] Check Pods Manifest.lock";
			outputFileListPaths = (
			);
			outputPaths = (
				"$(DERIVED_FILE_DIR)/Pods-spark-checkManifestLockResult.txt",
			);
			runOnlyForDeploymentPostprocessing = 0;
			shellPath = /bin/sh;
			shellScript = "diff \"${PODS_PODFILE_DIR_PATH}/Podfile.lock\" \"${PODS_ROOT}/Manifest.lock\" > /dev/null\nif [ $? != 0 ] ; then\n    # print error to STDERR\n    echo \"error: The sandbox is not in sync with the Podfile.lock. Run 'pod install' or update your CocoaPods installation.\" >&2\n    exit 1\nfi\n# This output is used by Xcode 'outputs' to avoid re-running this script phase.\necho \"SUCCESS\" > \"${SCRIPT_OUTPUT_FILE_0}\"\n";
			showEnvVarsInLog = 0;
		};
		FCDF5C093D43DE8E76E61AF5 /* [CP] Embed Pods Frameworks */ = {
			isa = PBXShellScriptBuildPhase;
			buildActionMask = 2147483647;
			files = (
			);
			inputFileListPaths = (
				"${PODS_ROOT}/Target Support Files/Pods-spark/Pods-spark-frameworks-${CONFIGURATION}-input-files.xcfilelist",
			);
			name = "[CP] Embed Pods Frameworks";
			outputFileListPaths = (
				"${PODS_ROOT}/Target Support Files/Pods-spark/Pods-spark-frameworks-${CONFIGURATION}-output-files.xcfilelist",
			);
			runOnlyForDeploymentPostprocessing = 0;
			shellPath = /bin/sh;
			shellScript = "\"${PODS_ROOT}/Target Support Files/Pods-spark/Pods-spark-frameworks.sh\"\n";
			showEnvVarsInLog = 0;
		};
/* End PBXShellScriptBuildPhase section */

/* Begin PBXSourcesBuildPhase section */
		99086F8D2B76E3BA00FC00B2 /* Sources */ = {
			isa = PBXSourcesBuildPhase;
			buildActionMask = 2147483647;
			files = (
				99086FCB2B7B4A2000FC00B2 /* LocationSearchViewModel.swift in Sources */,
				9914F8F82BCF811000F33482 /* SideMenuTransition.swift in Sources */,
				9914F8F42BCD06ED00F33482 /* addEventsTester.swift in Sources */,
				99086FD22B7B767000FC00B2 /* EventViewModel.swift in Sources */,
				99FFE2CF2B96064000070686 /* initFriendsRS.swift in Sources */,
				9914F8CE2BBEC10800F33482 /* snapLogin2.swift in Sources */,
				9959E5D12B8EE08400D2A9DE /* MapUIGPT.swift in Sources */,
				9914F8D42BC408AA00F33482 /* KeyBoardResponder.swift in Sources */,
				9993E3EC2B8DC601007443BE /* EventDateTimeViewModelRS.swift in Sources */,
				99086FBC2B79F5EA00FC00B2 /* EventInputView.swift in Sources */,
				99086FC62B7A15F200FC00B2 /* HomeMapView.swift in Sources */,
				9914F8E42BC5CC2200F33482 /* ClickEventTest.swift in Sources */,
				9914F8EE2BCBBE8000F33482 /* friendPopup.swift in Sources */,
				9914F8DC2BC547F300F33482 /* FollowReq2Test.swift in Sources */,
				9935AB1C2B8EF0FB003994AE /* LocationSearchGPT.swift in Sources */,
				99FFE2D52B9989F600070686 /* WhenLocationOff.swift in Sources */,
				9935AB292B90BD74003994AE /* SignUpRS.swift in Sources */,
				9914F8CA2BBEC0F000F33482 /* locationQuestion.swift in Sources */,
				99086FBA2B79F4C000FC00B2 /* AppDelegate.swift in Sources */,
				99086FC42B7A112800FC00B2 /* LocationManager.swift in Sources */,
				9993E3D42B85C2AB007443BE /* UserManager.swift in Sources */,
				99BBD6182C0FFC790051C3F0 /* bottomDrawerForModal.swift in Sources */,
				9993E3F02B8DD44E007443BE /* addEventsGPT.swift in Sources */,
				9935AB252B8F11AB003994AE /* AddFriends1RS.swift in Sources */,
				9914F8C52BB5345F00F33482 /* ClickEvent.swift in Sources */,
				9993E3E82B8B2D9D007443BE /* CoordinatorClass.swift in Sources */,
				9914F8E22BC5BFA000F33482 /* SnapViewTEST.swift in Sources */,
				9993E3D72B86FC5F007443BE /* SearchFriendView.swift in Sources */,
				99086FC82B7A23EF00FC00B2 /* SearchCompleterDelegate.swift in Sources */,
				99FFE2D32B99824000070686 /* LoginRS.swift in Sources */,
				9993E3DB2B87500D007443BE /* FollowRequest.swift in Sources */,
				9914F8F22BCBDC2E00F33482 /* removeFriendPopup.swift in Sources */,
				99FFE2DB2B9E69E800070686 /* EventAnnotationModel.swift in Sources */,
				9935AB1E2B8EF14A003994AE /* UserLoginGPT.swift in Sources */,
				9993E3E02B8870E2007443BE /* MapViewModel.swift in Sources */,
				99086FC12B7A087900FC00B2 /* MapViewRepresentable.swift in Sources */,
				9993E3DE2B8750A1007443BE /* FollowRequestView.swift in Sources */,
				9914F8E62BC802D400F33482 /* MainPageRS2.swift in Sources */,
				9914F8F62BCD0D6D00F33482 /* AddFriends1Tester.swift in Sources */,
				99086F972B76E3BA00FC00B2 /* ContentView.swift in Sources */,
				9914F8FC2BCFDDDD00F33482 /* landingPageDemo.swift in Sources */,
				9993E3EA2B8DC2CA007443BE /* addEventsRS.swift in Sources */,
				9935AB272B909C95003994AE /* AddFriends2RS.swift in Sources */,
				9914F8D22BC3E56900F33482 /* EventAnnotationView.swift in Sources */,
				9959E5CD2B8EDFEC00D2A9DE /* InputEventsGPT.swift in Sources */,
				9914F8EC2BCBA60900F33482 /* PopupManagerDeprec.swift in Sources */,
				99FFE2D72B998E8E00070686 /* LandingPageRS.swift in Sources */,
				998817102BB160BF00DD44F8 /* SnapchatLoginView.swift in Sources */,
				9993E3EE2B8DC9C2007443BE /* SetTimeRS.swift in Sources */,
				9914F8CC2BBEC0FD00F33482 /* snapLogin1.swift in Sources */,
				9914F8F02BCBC20F00F33482 /* FriendAnnotation.swift in Sources */,
				99086F952B76E3BA00FC00B2 /* sparkApp.swift in Sources */,
				9959E5CF2B8EE04D00D2A9DE /* GrabEventDataGPT.swift in Sources */,
				9993E3E62B8AF4E5007443BE /* EventModel.swift in Sources */,
				99086FD92B7C9A7D00FC00B2 /* AuthViewModel.swift in Sources */,
				5567104B2C23D41F006071F8 /* Extensions.swift in Sources */,
				9993E3D22B81E84D007443BE /* UserModel.swift in Sources */,
				9914F8D02BC3DE2800F33482 /* EventPopupTransition.swift in Sources */,
				9914F8E82BC8133D00F33482 /* initFriendsTester.swift in Sources */,
				9914F9022BD20B0B00F33482 /* blockFriendPopup.swift in Sources */,
				99FFE2D12B96093C00070686 /* FriendRequestRS.swift in Sources */,
				9935AB212B8EF402003994AE /* MainPageRS.swift in Sources */,
				99ECF0502C4A3D9A004542C9 /* FoundUserDataClass.swift in Sources */,
				99086FCD2B7B548600FC00B2 /* LocationResultCell.swift in Sources */,
			);
			runOnlyForDeploymentPostprocessing = 0;
		};
/* End PBXSourcesBuildPhase section */

/* Begin XCBuildConfiguration section */
		99086F9D2B76E3BB00FC00B2 /* Debug */ = {
			isa = XCBuildConfiguration;
			buildSettings = {
				ALWAYS_SEARCH_USER_PATHS = NO;
				CLANG_ANALYZER_NONNULL = YES;
				CLANG_ANALYZER_NUMBER_OBJECT_CONVERSION = YES_AGGRESSIVE;
				CLANG_CXX_LANGUAGE_STANDARD = "gnu++20";
				CLANG_ENABLE_MODULES = YES;
				CLANG_ENABLE_OBJC_ARC = YES;
				CLANG_ENABLE_OBJC_WEAK = YES;
				CLANG_WARN_BLOCK_CAPTURE_AUTORELEASING = YES;
				CLANG_WARN_BOOL_CONVERSION = YES;
				CLANG_WARN_COMMA = YES;
				CLANG_WARN_CONSTANT_CONVERSION = YES;
				CLANG_WARN_DEPRECATED_OBJC_IMPLEMENTATIONS = YES;
				CLANG_WARN_DIRECT_OBJC_ISA_USAGE = YES_ERROR;
				CLANG_WARN_DOCUMENTATION_COMMENTS = YES;
				CLANG_WARN_EMPTY_BODY = YES;
				CLANG_WARN_ENUM_CONVERSION = YES;
				CLANG_WARN_INFINITE_RECURSION = YES;
				CLANG_WARN_INT_CONVERSION = YES;
				CLANG_WARN_NON_LITERAL_NULL_CONVERSION = YES;
				CLANG_WARN_OBJC_IMPLICIT_RETAIN_SELF = YES;
				CLANG_WARN_OBJC_LITERAL_CONVERSION = YES;
				CLANG_WARN_OBJC_ROOT_CLASS = YES_ERROR;
				CLANG_WARN_QUOTED_INCLUDE_IN_FRAMEWORK_HEADER = YES;
				CLANG_WARN_RANGE_LOOP_ANALYSIS = YES;
				CLANG_WARN_STRICT_PROTOTYPES = YES;
				CLANG_WARN_SUSPICIOUS_MOVE = YES;
				CLANG_WARN_UNGUARDED_AVAILABILITY = YES_AGGRESSIVE;
				CLANG_WARN_UNREACHABLE_CODE = YES;
				CLANG_WARN__DUPLICATE_METHOD_MATCH = YES;
				CODE_SIGN_IDENTITY = "Apple Development";
				COPY_PHASE_STRIP = NO;
				DEBUG_INFORMATION_FORMAT = dwarf;
				ENABLE_STRICT_OBJC_MSGSEND = YES;
				ENABLE_TESTABILITY = YES;
				GCC_C_LANGUAGE_STANDARD = gnu11;
				GCC_DYNAMIC_NO_PIC = NO;
				GCC_NO_COMMON_BLOCKS = YES;
				GCC_OPTIMIZATION_LEVEL = 0;
				GCC_PREPROCESSOR_DEFINITIONS = (
					"DEBUG=1",
					"$(inherited)",
				);
				GCC_WARN_64_TO_32_BIT_CONVERSION = YES;
				GCC_WARN_ABOUT_RETURN_TYPE = YES_ERROR;
				GCC_WARN_UNDECLARED_SELECTOR = YES;
				GCC_WARN_UNINITIALIZED_AUTOS = YES_AGGRESSIVE;
				GCC_WARN_UNUSED_FUNCTION = YES;
				GCC_WARN_UNUSED_VARIABLE = YES;
				IPHONEOS_DEPLOYMENT_TARGET = 15.0;
				MTL_ENABLE_DEBUG_INFO = INCLUDE_SOURCE;
				MTL_FAST_MATH = YES;
				ONLY_ACTIVE_ARCH = YES;
				SDKROOT = iphoneos;
				SWIFT_ACTIVE_COMPILATION_CONDITIONS = DEBUG;
				SWIFT_OPTIMIZATION_LEVEL = "-Onone";
			};
			name = Debug;
		};
		99086F9E2B76E3BB00FC00B2 /* Release */ = {
			isa = XCBuildConfiguration;
			buildSettings = {
				ALWAYS_SEARCH_USER_PATHS = NO;
				CLANG_ANALYZER_NONNULL = YES;
				CLANG_ANALYZER_NUMBER_OBJECT_CONVERSION = YES_AGGRESSIVE;
				CLANG_CXX_LANGUAGE_STANDARD = "gnu++20";
				CLANG_ENABLE_MODULES = YES;
				CLANG_ENABLE_OBJC_ARC = YES;
				CLANG_ENABLE_OBJC_WEAK = YES;
				CLANG_WARN_BLOCK_CAPTURE_AUTORELEASING = YES;
				CLANG_WARN_BOOL_CONVERSION = YES;
				CLANG_WARN_COMMA = YES;
				CLANG_WARN_CONSTANT_CONVERSION = YES;
				CLANG_WARN_DEPRECATED_OBJC_IMPLEMENTATIONS = YES;
				CLANG_WARN_DIRECT_OBJC_ISA_USAGE = YES_ERROR;
				CLANG_WARN_DOCUMENTATION_COMMENTS = YES;
				CLANG_WARN_EMPTY_BODY = YES;
				CLANG_WARN_ENUM_CONVERSION = YES;
				CLANG_WARN_INFINITE_RECURSION = YES;
				CLANG_WARN_INT_CONVERSION = YES;
				CLANG_WARN_NON_LITERAL_NULL_CONVERSION = YES;
				CLANG_WARN_OBJC_IMPLICIT_RETAIN_SELF = YES;
				CLANG_WARN_OBJC_LITERAL_CONVERSION = YES;
				CLANG_WARN_OBJC_ROOT_CLASS = YES_ERROR;
				CLANG_WARN_QUOTED_INCLUDE_IN_FRAMEWORK_HEADER = YES;
				CLANG_WARN_RANGE_LOOP_ANALYSIS = YES;
				CLANG_WARN_STRICT_PROTOTYPES = YES;
				CLANG_WARN_SUSPICIOUS_MOVE = YES;
				CLANG_WARN_UNGUARDED_AVAILABILITY = YES_AGGRESSIVE;
				CLANG_WARN_UNREACHABLE_CODE = YES;
				CLANG_WARN__DUPLICATE_METHOD_MATCH = YES;
				CODE_SIGN_IDENTITY = "Apple Development";
				COPY_PHASE_STRIP = NO;
				DEBUG_INFORMATION_FORMAT = "dwarf-with-dsym";
				ENABLE_NS_ASSERTIONS = NO;
				ENABLE_STRICT_OBJC_MSGSEND = YES;
				GCC_C_LANGUAGE_STANDARD = gnu11;
				GCC_NO_COMMON_BLOCKS = YES;
				GCC_WARN_64_TO_32_BIT_CONVERSION = YES;
				GCC_WARN_ABOUT_RETURN_TYPE = YES_ERROR;
				GCC_WARN_UNDECLARED_SELECTOR = YES;
				GCC_WARN_UNINITIALIZED_AUTOS = YES_AGGRESSIVE;
				GCC_WARN_UNUSED_FUNCTION = YES;
				GCC_WARN_UNUSED_VARIABLE = YES;
				IPHONEOS_DEPLOYMENT_TARGET = 15.0;
				MTL_ENABLE_DEBUG_INFO = NO;
				MTL_FAST_MATH = YES;
				SDKROOT = iphoneos;
				SWIFT_COMPILATION_MODE = wholemodule;
				SWIFT_OPTIMIZATION_LEVEL = "-O";
				VALIDATE_PRODUCT = YES;
			};
			name = Release;
		};
		99086FA02B76E3BB00FC00B2 /* Debug */ = {
			isa = XCBuildConfiguration;
			baseConfigurationReference = 028364F744332DC5EA937FB6 /* Pods-spark.debug.xcconfig */;
			buildSettings = {
				ASSETCATALOG_COMPILER_APPICON_NAME = AppIcon;
				ASSETCATALOG_COMPILER_GLOBAL_ACCENT_COLOR_NAME = AccentColor;
				CODE_SIGN_ENTITLEMENTS = spark/spark.entitlements;
				CODE_SIGN_STYLE = Automatic;
				CURRENT_PROJECT_VERSION = 2;
				DEVELOPMENT_ASSET_PATHS = "\"spark/Preview Content\"";
				DEVELOPMENT_TEAM = HVC2LA2TCP;
				ENABLE_PREVIEWS = YES;
				GENERATE_INFOPLIST_FILE = YES;
				INFOPLIST_FILE = spark/Info.plist;
				INFOPLIST_KEY_CFBundleDisplayName = "Spark App";
				INFOPLIST_KEY_LSApplicationCategoryType = "";
				INFOPLIST_KEY_NSLocationAlwaysAndWhenInUseUsageDescription = "Let your friends keep a tab on you";
				INFOPLIST_KEY_NSLocationWhenInUseUsageDescription = "Allow us to acces your location to show you nearby friends and events";
				INFOPLIST_KEY_UIApplicationSupportsIndirectInputEvents = YES;
				INFOPLIST_KEY_UILaunchStoryboardName = "Launch Screen.storyboard";
				INFOPLIST_KEY_UISupportedInterfaceOrientations_iPad = "UIInterfaceOrientationPortrait UIInterfaceOrientationPortraitUpsideDown UIInterfaceOrientationLandscapeLeft UIInterfaceOrientationLandscapeRight";
				INFOPLIST_KEY_UISupportedInterfaceOrientations_iPhone = UIInterfaceOrientationPortrait;
				INFOPLIST_KEY_UIUserInterfaceStyle = Light;
				IPHONEOS_DEPLOYMENT_TARGET = 16.2;
				LD_RUNPATH_SEARCH_PATHS = (
					"$(inherited)",
					"@executable_path/Frameworks",
				);
				MARKETING_VERSION = 1.0.2;
				PRODUCT_BUNDLE_IDENTIFIER = com.kbcodes.spark;
				PRODUCT_NAME = "$(TARGET_NAME)";
				SWIFT_EMIT_LOC_STRINGS = YES;
				SWIFT_VERSION = 5.0;
				TARGETED_DEVICE_FAMILY = "1,2";
			};
			name = Debug;
		};
		99086FA12B76E3BB00FC00B2 /* Release */ = {
			isa = XCBuildConfiguration;
			baseConfigurationReference = C93A2158E741FCD4D48C7802 /* Pods-spark.release.xcconfig */;
			buildSettings = {
				ASSETCATALOG_COMPILER_APPICON_NAME = AppIcon;
				ASSETCATALOG_COMPILER_GLOBAL_ACCENT_COLOR_NAME = AccentColor;
				CODE_SIGN_ENTITLEMENTS = spark/spark.entitlements;
				CODE_SIGN_STYLE = Automatic;
				CURRENT_PROJECT_VERSION = 2;
				DEVELOPMENT_ASSET_PATHS = "\"spark/Preview Content\"";
				DEVELOPMENT_TEAM = HVC2LA2TCP;
				ENABLE_PREVIEWS = YES;
				GENERATE_INFOPLIST_FILE = YES;
				INFOPLIST_FILE = spark/Info.plist;
				INFOPLIST_KEY_CFBundleDisplayName = "Spark App";
				INFOPLIST_KEY_LSApplicationCategoryType = "";
				INFOPLIST_KEY_NSLocationAlwaysAndWhenInUseUsageDescription = "Let your friends keep a tab on you";
				INFOPLIST_KEY_NSLocationWhenInUseUsageDescription = "Allow us to acces your location to show you nearby friends and events";
				INFOPLIST_KEY_UIApplicationSupportsIndirectInputEvents = YES;
				INFOPLIST_KEY_UILaunchStoryboardName = "Launch Screen.storyboard";
				INFOPLIST_KEY_UISupportedInterfaceOrientations_iPad = "UIInterfaceOrientationPortrait UIInterfaceOrientationPortraitUpsideDown UIInterfaceOrientationLandscapeLeft UIInterfaceOrientationLandscapeRight";
				INFOPLIST_KEY_UISupportedInterfaceOrientations_iPhone = UIInterfaceOrientationPortrait;
				INFOPLIST_KEY_UIUserInterfaceStyle = Light;
				IPHONEOS_DEPLOYMENT_TARGET = 16.2;
				LD_RUNPATH_SEARCH_PATHS = (
					"$(inherited)",
					"@executable_path/Frameworks",
				);
				MARKETING_VERSION = 1.0.2;
				PRODUCT_BUNDLE_IDENTIFIER = com.kbcodes.spark;
				PRODUCT_NAME = "$(TARGET_NAME)";
				SWIFT_EMIT_LOC_STRINGS = YES;
				SWIFT_VERSION = 5.0;
				TARGETED_DEVICE_FAMILY = "1,2";
			};
			name = Release;
		};
/* End XCBuildConfiguration section */

/* Begin XCConfigurationList section */
		99086F8C2B76E3BA00FC00B2 /* Build configuration list for PBXProject "spark" */ = {
			isa = XCConfigurationList;
			buildConfigurations = (
				99086F9D2B76E3BB00FC00B2 /* Debug */,
				99086F9E2B76E3BB00FC00B2 /* Release */,
			);
			defaultConfigurationIsVisible = 0;
			defaultConfigurationName = Release;
		};
		99086F9F2B76E3BB00FC00B2 /* Build configuration list for PBXNativeTarget "spark" */ = {
			isa = XCConfigurationList;
			buildConfigurations = (
				99086FA02B76E3BB00FC00B2 /* Debug */,
				99086FA12B76E3BB00FC00B2 /* Release */,
			);
			defaultConfigurationIsVisible = 0;
			defaultConfigurationName = Release;
		};
/* End XCConfigurationList section */

/* Begin XCRemoteSwiftPackageReference section */
		99086FA92B78065B00FC00B2 /* XCRemoteSwiftPackageReference "firebase-ios-sdk" */ = {
			isa = XCRemoteSwiftPackageReference;
			repositoryURL = "https://github.com/firebase/firebase-ios-sdk";
			requirement = {
				kind = upToNextMajorVersion;
				minimumVersion = 10.0.0;
			};
		};
		99BBD6192C1005B50051C3F0 /* XCRemoteSwiftPackageReference "EdgesBottomDrawer" */ = {
			isa = XCRemoteSwiftPackageReference;
			repositoryURL = "https://github.com/AlexMochalov/EdgesBottomDrawer.git";
			requirement = {
				kind = upToNextMajorVersion;
				minimumVersion = 0.0.4;
			};
		};
		99BBD61C2C17D3E10051C3F0 /* XCRemoteSwiftPackageReference "ios-maps-sdk" */ = {
			isa = XCRemoteSwiftPackageReference;
			repositoryURL = "https://github.com/googlemaps/ios-maps-sdk";
			requirement = {
				kind = upToNextMajorVersion;
				minimumVersion = 9.0.0;
			};
		};
/* End XCRemoteSwiftPackageReference section */

/* Begin XCSwiftPackageProductDependency section */
		99086FAA2B78065B00FC00B2 /* FirebaseAnalytics */ = {
			isa = XCSwiftPackageProductDependency;
			package = 99086FA92B78065B00FC00B2 /* XCRemoteSwiftPackageReference "firebase-ios-sdk" */;
			productName = FirebaseAnalytics;
		};
		99086FAC2B78065B00FC00B2 /* FirebaseCrashlytics */ = {
			isa = XCSwiftPackageProductDependency;
			package = 99086FA92B78065B00FC00B2 /* XCRemoteSwiftPackageReference "firebase-ios-sdk" */;
			productName = FirebaseCrashlytics;
		};
		99086FB12B79E8D800FC00B2 /* FirebaseDatabase */ = {
			isa = XCSwiftPackageProductDependency;
			package = 99086FA92B78065B00FC00B2 /* XCRemoteSwiftPackageReference "firebase-ios-sdk" */;
			productName = FirebaseDatabase;
		};
		99086FB32B79E8DE00FC00B2 /* FirebaseDatabaseSwift */ = {
			isa = XCSwiftPackageProductDependency;
			package = 99086FA92B78065B00FC00B2 /* XCRemoteSwiftPackageReference "firebase-ios-sdk" */;
			productName = FirebaseDatabaseSwift;
		};
		99086FB52B79F32500FC00B2 /* FirebaseFirestore */ = {
			isa = XCSwiftPackageProductDependency;
			package = 99086FA92B78065B00FC00B2 /* XCRemoteSwiftPackageReference "firebase-ios-sdk" */;
			productName = FirebaseFirestore;
		};
		99086FB72B79F32C00FC00B2 /* FirebaseFirestoreSwift */ = {
			isa = XCSwiftPackageProductDependency;
			package = 99086FA92B78065B00FC00B2 /* XCRemoteSwiftPackageReference "firebase-ios-sdk" */;
			productName = FirebaseFirestoreSwift;
		};
		99086FD62B7C98B000FC00B2 /* FirebaseAuth */ = {
			isa = XCSwiftPackageProductDependency;
			package = 99086FA92B78065B00FC00B2 /* XCRemoteSwiftPackageReference "firebase-ios-sdk" */;
			productName = FirebaseAuth;
		};
		99BBD61A2C1005B50051C3F0 /* EdgesBottomDrawer */ = {
			isa = XCSwiftPackageProductDependency;
			package = 99BBD6192C1005B50051C3F0 /* XCRemoteSwiftPackageReference "EdgesBottomDrawer" */;
			productName = EdgesBottomDrawer;
		};
		99BBD61D2C17D3E10051C3F0 /* GoogleMaps */ = {
			isa = XCSwiftPackageProductDependency;
			package = 99BBD61C2C17D3E10051C3F0 /* XCRemoteSwiftPackageReference "ios-maps-sdk" */;
			productName = GoogleMaps;
		};
		99BBD61F2C1E0A370051C3F0 /* FirebaseMessaging */ = {
			isa = XCSwiftPackageProductDependency;
			package = 99086FA92B78065B00FC00B2 /* XCRemoteSwiftPackageReference "firebase-ios-sdk" */;
			productName = FirebaseMessaging;
		};
/* End XCSwiftPackageProductDependency section */
	};
	rootObject = 99086F892B76E3BA00FC00B2 /* Project object */;
}
